// !$*UTF8*$!
{
	archiveVersion = 1;
	classes = {
	};
	objectVersion = 48;
	objects = {

/* Begin PBXBuildFile section */
		6850135821761ACB00749045 /* BackupIntroViewController.swift in Sources */ = {isa = PBXBuildFile; fileRef = 6850135721761ACB00749045 /* BackupIntroViewController.swift */; };
		6850135B2177063B00749045 /* KinEcosystem.framework in Frameworks */ = {isa = PBXBuildFile; fileRef = E96F24D9201729690017EF68 /* KinEcosystem.framework */; };
		6850135D21770EE700749045 /* BackupExplanationViewController.swift in Sources */ = {isa = PBXBuildFile; fileRef = 6850135C21770EE700749045 /* BackupExplanationViewController.swift */; };
		6850135F217747B000749045 /* BackupExplanationViewController.xib in Resources */ = {isa = PBXBuildFile; fileRef = 6850135E217747B000749045 /* BackupExplanationViewController.xib */; };
		685013612177488A00749045 /* RoundButton.swift in Sources */ = {isa = PBXBuildFile; fileRef = 685013602177488A00749045 /* RoundButton.swift */; };
		68FDE8BF21775AC000F8E52E /* BackupCompletedViewController.swift in Sources */ = {isa = PBXBuildFile; fileRef = 68FDE8BE21775ABF00F8E52E /* BackupCompletedViewController.swift */; };
		91A4EA8520CFB22300C3399F /* KinPreferenceKey.swift in Sources */ = {isa = PBXBuildFile; fileRef = 91A4EA7F20CFB22200C3399F /* KinPreferenceKey.swift */; };
		91A4EA8620CFB22300C3399F /* KinEcosystemError.swift in Sources */ = {isa = PBXBuildFile; fileRef = 91A4EA8420CFB22200C3399F /* KinEcosystemError.swift */; };
		91A4EA8820CFB22E00C3399F /* KinViewController.swift in Sources */ = {isa = PBXBuildFile; fileRef = 91A4EA8720CFB22E00C3399F /* KinViewController.swift */; };
		E9037503207DFC8E00704DBB /* InsufficientFundsViewController.swift in Sources */ = {isa = PBXBuildFile; fileRef = E9037501207DFC8E00704DBB /* InsufficientFundsViewController.swift */; };
		E9037504207DFC8E00704DBB /* InsufficientFundsViewController.xib in Resources */ = {isa = PBXBuildFile; fileRef = E9037502207DFC8E00704DBB /* InsufficientFundsViewController.xib */; };
		E904415B2035C83000E3E261 /* SpendOfferCell.swift in Sources */ = {isa = PBXBuildFile; fileRef = E90441592035C83000E3E261 /* SpendOfferCell.swift */; };
		E904415C2035C83000E3E261 /* SpendOfferCell.xib in Resources */ = {isa = PBXBuildFile; fileRef = E904415A2035C83000E3E261 /* SpendOfferCell.xib */; };
		E912B4E2203C5792005ADBA1 /* OrderResult.swift in Sources */ = {isa = PBXBuildFile; fileRef = E912B4E1203C5792005ADBA1 /* OrderResult.swift */; };
		E912B4E7203C5AE0005ADBA1 /* Order.swift in Sources */ = {isa = PBXBuildFile; fileRef = E912B4E6203C5AE0005ADBA1 /* Order.swift */; };
		E912B4E9203C5E17005ADBA1 /* Iso8601DateFormatter.swift in Sources */ = {isa = PBXBuildFile; fileRef = E912B4E8203C5E17005ADBA1 /* Iso8601DateFormatter.swift */; };
		E912B4EB203C6683005ADBA1 /* BlockchainData.swift in Sources */ = {isa = PBXBuildFile; fileRef = E912B4EA203C6683005ADBA1 /* BlockchainData.swift */; };
		E912B4ED203D69FE005ADBA1 /* NetworkTypes.swift in Sources */ = {isa = PBXBuildFile; fileRef = E912B4EC203D69FE005ADBA1 /* NetworkTypes.swift */; };
		E913AD97204692190071D329 /* KinNavigationViewController.swift in Sources */ = {isa = PBXBuildFile; fileRef = E913AD95204692190071D329 /* KinNavigationViewController.swift */; };
		E913AD98204692190071D329 /* KinNavigationViewController.xib in Resources */ = {isa = PBXBuildFile; fileRef = E913AD96204692190071D329 /* KinNavigationViewController.xib */; };
		E91E6404203AB16400BB4104 /* UINavigationBar+gradient.swift in Sources */ = {isa = PBXBuildFile; fileRef = E91E6403203AB16400BB4104 /* UINavigationBar+gradient.swift */; };
		E91E6406203AB30A00BB4104 /* UIColor+KinStyle.swift in Sources */ = {isa = PBXBuildFile; fileRef = E91E6405203AB30A00BB4104 /* UIColor+KinStyle.swift */; };
		E91E6408203ABF2800BB4104 /* KinBaseNavigationController.swift in Sources */ = {isa = PBXBuildFile; fileRef = E91E6407203ABF2800BB4104 /* KinBaseNavigationController.swift */; };
		E92501BA20614A4400E2E738 /* Flows.swift in Sources */ = {isa = PBXBuildFile; fileRef = E92501B920614A4400E2E738 /* Flows.swift */; };
		E92F7B7C20691403008A027F /* SpendOfferViewController.swift in Sources */ = {isa = PBXBuildFile; fileRef = E92F7B7A20691403008A027F /* SpendOfferViewController.swift */; };
		E92F7B7D20691403008A027F /* SpendOfferViewController.xib in Resources */ = {isa = PBXBuildFile; fileRef = E92F7B7B20691403008A027F /* SpendOfferViewController.xib */; };
		E92F7B7F206921BC008A027F /* SpendViewModel.swift in Sources */ = {isa = PBXBuildFile; fileRef = E92F7B7E206921BC008A027F /* SpendViewModel.swift */; };
		E92F7B81206923A0008A027F /* SheetTransition.swift in Sources */ = {isa = PBXBuildFile; fileRef = E92F7B80206923A0008A027F /* SheetTransition.swift */; };
		E92F7B882069992A008A027F /* Animations.swift in Sources */ = {isa = PBXBuildFile; fileRef = E92F7B872069992A008A027F /* Animations.swift */; };
		E93146242164F160008F2D74 /* MarketplaceViewController.xib in Resources */ = {isa = PBXBuildFile; fileRef = E93146262164F160008F2D74 /* MarketplaceViewController.xib */; };
		E93146332164F52B008F2D74 /* Localizable.strings in Resources */ = {isa = PBXBuildFile; fileRef = E93146312164F52B008F2D74 /* Localizable.strings */; };
		E93718FD21131375003DCA6F /* KinCoreSDK.framework in Frameworks */ = {isa = PBXBuildFile; fileRef = E93718F62113135F003DCA6F /* KinCoreSDK.framework */; };
		E942F8A5202C4C6F00DD4B8E /* OfferVIewModel.swift in Sources */ = {isa = PBXBuildFile; fileRef = E942F8A4202C4C6F00DD4B8E /* OfferVIewModel.swift */; };
		E942F8A7202C5C5900DD4B8E /* ImageCache.swift in Sources */ = {isa = PBXBuildFile; fileRef = E942F8A6202C5C5900DD4B8E /* ImageCache.swift */; };
		E942F8D32030DD7D00DD4B8E /* Blockchain.swift in Sources */ = {isa = PBXBuildFile; fileRef = E942F8D22030DD7D00DD4B8E /* Blockchain.swift */; };
		E942F8DB2031120D00DD4B8E /* AppDelegate.swift in Sources */ = {isa = PBXBuildFile; fileRef = E942F8DA2031120D00DD4B8E /* AppDelegate.swift */; };
		E942F8DD2031120D00DD4B8E /* ViewController.swift in Sources */ = {isa = PBXBuildFile; fileRef = E942F8DC2031120D00DD4B8E /* ViewController.swift */; };
		E942F8E02031120D00DD4B8E /* Main.storyboard in Resources */ = {isa = PBXBuildFile; fileRef = E942F8DE2031120D00DD4B8E /* Main.storyboard */; };
		E942F8E52031120D00DD4B8E /* LaunchScreen.storyboard in Resources */ = {isa = PBXBuildFile; fileRef = E942F8E32031120D00DD4B8E /* LaunchScreen.storyboard */; };
		E942F8F32031B54800DD4B8E /* Logger.swift in Sources */ = {isa = PBXBuildFile; fileRef = E942F8F22031B54800DD4B8E /* Logger.swift */; };
		E942F8F52032D7E300DD4B8E /* BaseDataNetworkTest.swift in Sources */ = {isa = PBXBuildFile; fileRef = E942F8F42032D7E300DD4B8E /* BaseDataNetworkTest.swift */; };
		E942F8F72032D7F500DD4B8E /* DataTests.swift in Sources */ = {isa = PBXBuildFile; fileRef = E942F8F62032D7F500DD4B8E /* DataTests.swift */; };
		E942F8FD2033157600DD4B8E /* PromiseTests.swift in Sources */ = {isa = PBXBuildFile; fileRef = E942F8FC2033157600DD4B8E /* PromiseTests.swift */; };
		E942F90020331AAE00DD4B8E /* MarketplaceViewController.swift in Sources */ = {isa = PBXBuildFile; fileRef = E942F8FE20331AAE00DD4B8E /* MarketplaceViewController.swift */; };
		E942F90B2034138100DD4B8E /* EarnOfferCell.swift in Sources */ = {isa = PBXBuildFile; fileRef = E942F90A2034138100DD4B8E /* EarnOfferCell.swift */; };
		E942F90D2034213400DD4B8E /* OffersCollectionViewFlowLayout.swift in Sources */ = {isa = PBXBuildFile; fileRef = E942F90C2034213400DD4B8E /* OffersCollectionViewFlowLayout.swift */; };
		E942F90F2034268300DD4B8E /* EarnOfferCell.xib in Resources */ = {isa = PBXBuildFile; fileRef = E942F90E2034268300DD4B8E /* EarnOfferCell.xib */; };
		E9540F5020E01BAF0038FF49 /* Environment.swift in Sources */ = {isa = PBXBuildFile; fileRef = E9540F4B20E01BAF0038FF49 /* Environment.swift */; };
		E9540F5E20E01DAC0038FF49 /* Balance.swift in Sources */ = {isa = PBXBuildFile; fileRef = E9540F5920E01DAC0038FF49 /* Balance.swift */; };
		E954100A20E3B3230038FF49 /* BIClient.swift in Sources */ = {isa = PBXBuildFile; fileRef = E954100920E3B3230038FF49 /* BIClient.swift */; };
		E954106920E3B3A10038FF49 /* EventsStore.swift in Sources */ = {isa = PBXBuildFile; fileRef = E954106820E3B3A10038FF49 /* EventsStore.swift */; };
		E954106C20E3B5FA0038FF49 /* BIError.swift in Sources */ = {isa = PBXBuildFile; fileRef = E954106B20E3B5FA0038FF49 /* BIError.swift */; };
		E954A60920568B9600F01C8A /* DiamondsLoaderView.swift in Sources */ = {isa = PBXBuildFile; fileRef = E954A60820568B9600F01C8A /* DiamondsLoaderView.swift */; };
		E954A60E2056B86A00F01C8A /* SplashTransition.swift in Sources */ = {isa = PBXBuildFile; fileRef = E954A60D2056B86A00F01C8A /* SplashTransition.swift */; };
		E954A610205711CE00F01C8A /* CGPoint+functions.swift in Sources */ = {isa = PBXBuildFile; fileRef = E954A60F205711CE00F01C8A /* CGPoint+functions.swift */; };
		E954A62D2058163C00F01C8A /* OrderError.swift in Sources */ = {isa = PBXBuildFile; fileRef = E954A62C2058163C00F01C8A /* OrderError.swift */; };
		E954A62F205817AD00F01C8A /* CouponCode.swift in Sources */ = {isa = PBXBuildFile; fileRef = E954A62E205817AD00F01C8A /* CouponCode.swift */; };
		E954A644205A7FC600F01C8A /* EarnOfferViewController.swift in Sources */ = {isa = PBXBuildFile; fileRef = E954A642205A7FC600F01C8A /* EarnOfferViewController.swift */; };
		E9657F3B203F5F0700D993F9 /* RestClient.swift in Sources */ = {isa = PBXBuildFile; fileRef = E9657F3A203F5F0700D993F9 /* RestClient.swift */; };
		E96A5830204458AF00285C7B /* OrdersViewController.swift in Sources */ = {isa = PBXBuildFile; fileRef = E96A582E204458AF00285C7B /* OrdersViewController.swift */; };
		E96A5831204458AF00285C7B /* OrdersViewController.xib in Resources */ = {isa = PBXBuildFile; fileRef = E96A582F204458AF00285C7B /* OrdersViewController.xib */; };
		E96F24E3201729690017EF68 /* KinEcosystem.framework in Frameworks */ = {isa = PBXBuildFile; fileRef = E96F24D9201729690017EF68 /* KinEcosystem.framework */; };
		E96F24EA201729690017EF68 /* KinEcosystem.h in Headers */ = {isa = PBXBuildFile; fileRef = E96F24DC201729690017EF68 /* KinEcosystem.h */; settings = {ATTRIBUTES = (Public, ); }; };
		E96F24F72018A8AC0017EF68 /* Kin.swift in Sources */ = {isa = PBXBuildFile; fileRef = E96F24F62018A8AC0017EF68 /* Kin.swift */; };
		E9753C12206BD4AB0023CF94 /* CouponViewController.swift in Sources */ = {isa = PBXBuildFile; fileRef = E9753C10206BD4AB0023CF94 /* CouponViewController.swift */; };
		E9753C13206BD4AB0023CF94 /* CouponViewController.xib in Resources */ = {isa = PBXBuildFile; fileRef = E9753C11206BD4AB0023CF94 /* CouponViewController.xib */; };
		E9753C19206BD95A0023CF94 /* CouponViewModel.swift in Sources */ = {isa = PBXBuildFile; fileRef = E9753C18206BD95A0023CF94 /* CouponViewModel.swift */; };
		E9764F812174721900A2B48E /* Recovery.swift in Sources */ = {isa = PBXBuildFile; fileRef = E9764F802174721900A2B48E /* Recovery.swift */; };
		E9764F8421747BE800A2B48E /* Kin+BackupRestore.swift in Sources */ = {isa = PBXBuildFile; fileRef = E9764F8321747BE800A2B48E /* Kin+BackupRestore.swift */; };
		E97E5C4F20E4C840000E9E30 /* KBIEvent.swift in Sources */ = {isa = PBXBuildFile; fileRef = E97E5C4E20E4C840000E9E30 /* KBIEvent.swift */; };
		E97E5D1820E82D8D000E9E30 /* Reachability.swift in Sources */ = {isa = PBXBuildFile; fileRef = E97E5D1720E82D8D000E9E30 /* Reachability.swift */; };
		E97E5D2420E8EF93000E9E30 /* DeviceData.swift in Sources */ = {isa = PBXBuildFile; fileRef = E97E5D2320E8EF93000E9E30 /* DeviceData.swift */; };
		E97E5D6220E91E29000E9E30 /* earn_order_failed.swift in Sources */ = {isa = PBXBuildFile; fileRef = E97E5D3220E91E28000E9E30 /* earn_order_failed.swift */; };
		E97E5D6320E91E29000E9E30 /* earn_order_creation_received.swift in Sources */ = {isa = PBXBuildFile; fileRef = E97E5D3320E91E28000E9E30 /* earn_order_creation_received.swift */; };
		E97E5D6420E91E29000E9E30 /* spend_thankyou_page_viewed.swift in Sources */ = {isa = PBXBuildFile; fileRef = E97E5D3420E91E28000E9E30 /* spend_thankyou_page_viewed.swift */; };
		E97E5D6520E91E29000E9E30 /* balance_tapped.swift in Sources */ = {isa = PBXBuildFile; fileRef = E97E5D3520E91E28000E9E30 /* balance_tapped.swift */; };
		E97E5D6620E91E29000E9E30 /* redeem_url_tapped.swift in Sources */ = {isa = PBXBuildFile; fileRef = E97E5D3620E91E28000E9E30 /* redeem_url_tapped.swift */; };
		E97E5D6720E91E29000E9E30 /* spend_order_creation_failed.swift in Sources */ = {isa = PBXBuildFile; fileRef = E97E5D3720E91E28000E9E30 /* spend_order_creation_failed.swift */; };
		E97E5D6820E91E29000E9E30 /* spend_order_completed.swift in Sources */ = {isa = PBXBuildFile; fileRef = E97E5D3820E91E28000E9E30 /* spend_order_completed.swift */; };
		E97E5D6920E91E29000E9E30 /* spend_order_cancelled.swift in Sources */ = {isa = PBXBuildFile; fileRef = E97E5D3920E91E28000E9E30 /* spend_order_cancelled.swift */; };
		E97E5D6A20E91E29000E9E30 /* earn_order_creation_failed.swift in Sources */ = {isa = PBXBuildFile; fileRef = E97E5D3A20E91E28000E9E30 /* earn_order_creation_failed.swift */; };
		E97E5D6B20E91E29000E9E30 /* not_enough_kin_page_viewed.swift in Sources */ = {isa = PBXBuildFile; fileRef = E97E5D3B20E91E28000E9E30 /* not_enough_kin_page_viewed.swift */; };
		E97E5D6C20E91E29000E9E30 /* stellar_account_creation_requested.swift in Sources */ = {isa = PBXBuildFile; fileRef = E97E5D3C20E91E28000E9E30 /* stellar_account_creation_requested.swift */; };
		E97E5D6D20E91E29000E9E30 /* spend_offer_tapped.swift in Sources */ = {isa = PBXBuildFile; fileRef = E97E5D3D20E91E28000E9E30 /* spend_offer_tapped.swift */; };
		E97E5D6E20E91E29000E9E30 /* spend_redeem_button_tapped.swift in Sources */ = {isa = PBXBuildFile; fileRef = E97E5D3E20E91E28000E9E30 /* spend_redeem_button_tapped.swift */; };
		E97E5D6F20E91E29000E9E30 /* earn_order_cancelled.swift in Sources */ = {isa = PBXBuildFile; fileRef = E97E5D3F20E91E28000E9E30 /* earn_order_cancelled.swift */; };
		E97E5D7020E91E29000E9E30 /* kin_balance_updated.swift in Sources */ = {isa = PBXBuildFile; fileRef = E97E5D4020E91E28000E9E30 /* kin_balance_updated.swift */; };
		E97E5D7120E91E29000E9E30 /* welcome_screen_button_tapped.swift in Sources */ = {isa = PBXBuildFile; fileRef = E97E5D4120E91E28000E9E30 /* welcome_screen_button_tapped.swift */; };
		E97E5D7220E91E29000E9E30 /* earn_order_completed.swift in Sources */ = {isa = PBXBuildFile; fileRef = E97E5D4220E91E28000E9E30 /* earn_order_completed.swift */; };
		E97E5D7320E91E29000E9E30 /* marketplace_page_viewed.swift in Sources */ = {isa = PBXBuildFile; fileRef = E97E5D4320E91E28000E9E30 /* marketplace_page_viewed.swift */; };
		E97E5D7420E91E29000E9E30 /* general_ecosystem_sdk_error.swift in Sources */ = {isa = PBXBuildFile; fileRef = E97E5D4420E91E28000E9E30 /* general_ecosystem_sdk_error.swift */; };
		E97E5D7520E91E29000E9E30 /* back_button_on_marketplace_page_tapped.swift in Sources */ = {isa = PBXBuildFile; fileRef = E97E5D4520E91E29000E9E30 /* back_button_on_marketplace_page_tapped.swift */; };
		E97E5D7620E91E29000E9E30 /* common.swift in Sources */ = {isa = PBXBuildFile; fileRef = E97E5D4620E91E29000E9E30 /* common.swift */; };
		E97E5D7720E91E29000E9E30 /* user.swift in Sources */ = {isa = PBXBuildFile; fileRef = E97E5D4720E91E29000E9E30 /* user.swift */; };
		E97E5D7820E91E29000E9E30 /* welcome_screen_page_viewed.swift in Sources */ = {isa = PBXBuildFile; fileRef = E97E5D4820E91E29000E9E30 /* welcome_screen_page_viewed.swift */; };
		E97E5D7920E91E29000E9E30 /* earn_order_payment_confirmed.swift in Sources */ = {isa = PBXBuildFile; fileRef = E97E5D4920E91E29000E9E30 /* earn_order_payment_confirmed.swift */; };
		E97E5D7A20E91E29000E9E30 /* spend_order_creation_requested.swift in Sources */ = {isa = PBXBuildFile; fileRef = E97E5D4A20E91E29000E9E30 /* spend_order_creation_requested.swift */; };
		E97E5D7B20E91E29000E9E30 /* wallet_creation_succeeded.swift in Sources */ = {isa = PBXBuildFile; fileRef = E97E5D4B20E91E29000E9E30 /* wallet_creation_succeeded.swift */; };
		E97E5D7C20E91E29000E9E30 /* earn_order_completion_submitted.swift in Sources */ = {isa = PBXBuildFile; fileRef = E97E5D4C20E91E29000E9E30 /* earn_order_completion_submitted.swift */; };
		E97E5D7D20E91E29000E9E30 /* confirm_purchase_page_viewed.swift in Sources */ = {isa = PBXBuildFile; fileRef = E97E5D4D20E91E29000E9E30 /* confirm_purchase_page_viewed.swift */; };
		E97E5D7E20E91E29000E9E30 /* stellar_kin_trustline_setup_succeeded.swift in Sources */ = {isa = PBXBuildFile; fileRef = E97E5D4E20E91E29000E9E30 /* stellar_kin_trustline_setup_succeeded.swift */; };
		E97E5D7F20E91E29000E9E30 /* client.swift in Sources */ = {isa = PBXBuildFile; fileRef = E97E5D4F20E91E29000E9E30 /* client.swift */; };
		E97E5D8020E91E29000E9E30 /* order_history_item_tapped.swift in Sources */ = {isa = PBXBuildFile; fileRef = E97E5D5020E91E29000E9E30 /* order_history_item_tapped.swift */; };
		E97E5D8120E91E29000E9E30 /* order_history_page_viewed.swift in Sources */ = {isa = PBXBuildFile; fileRef = E97E5D5120E91E29000E9E30 /* order_history_page_viewed.swift */; };
		E97E5D8220E91E29000E9E30 /* stellar_kin_trustline_setup_failed.swift in Sources */ = {isa = PBXBuildFile; fileRef = E97E5D5220E91E29000E9E30 /* stellar_kin_trustline_setup_failed.swift */; };
		E97E5D8320E91E29000E9E30 /* confirm_purchase_button_tapped.swift in Sources */ = {isa = PBXBuildFile; fileRef = E97E5D5320E91E29000E9E30 /* confirm_purchase_button_tapped.swift */; };
		E97E5D8420E91E29000E9E30 /* spend_transaction_broadcast_to_blockchain_failed.swift in Sources */ = {isa = PBXBuildFile; fileRef = E97E5D5420E91E29000E9E30 /* spend_transaction_broadcast_to_blockchain_failed.swift */; };
		E97E5D8520E91E29000E9E30 /* spend_order_creation_received.swift in Sources */ = {isa = PBXBuildFile; fileRef = E97E5D5520E91E29000E9E30 /* spend_order_creation_received.swift */; };
		E97E5D8620E91E29000E9E30 /* kin_sdk_initiated.swift in Sources */ = {isa = PBXBuildFile; fileRef = E97E5D5620E91E29000E9E30 /* kin_sdk_initiated.swift */; };
		E97E5D8720E91E29000E9E30 /* spend_redeem_page_viewed.swift in Sources */ = {isa = PBXBuildFile; fileRef = E97E5D5720E91E29000E9E30 /* spend_redeem_page_viewed.swift */; };
		E97E5D8820E91E29000E9E30 /* spend_order_failed.swift in Sources */ = {isa = PBXBuildFile; fileRef = E97E5D5820E91E29000E9E30 /* spend_order_failed.swift */; };
		E97E5D8920E91E29000E9E30 /* back_button_on_welcome_screen_page_tapped.swift in Sources */ = {isa = PBXBuildFile; fileRef = E97E5D5920E91E29000E9E30 /* back_button_on_welcome_screen_page_tapped.swift */; };
		E97E5D8A20E91E29000E9E30 /* spend_order_completion_submitted.swift in Sources */ = {isa = PBXBuildFile; fileRef = E97E5D5A20E91E29000E9E30 /* spend_order_completion_submitted.swift */; };
		E97E5D8B20E91E29000E9E30 /* earn_offer_tapped.swift in Sources */ = {isa = PBXBuildFile; fileRef = E97E5D5B20E91E29000E9E30 /* earn_offer_tapped.swift */; };
		E97E5D8C20E91E29000E9E30 /* types.swift in Sources */ = {isa = PBXBuildFile; fileRef = E97E5D5C20E91E29000E9E30 /* types.swift */; };
		E97E5D8D20E91E29000E9E30 /* spend_transaction_broadcast_to_blockchain_succeeded.swift in Sources */ = {isa = PBXBuildFile; fileRef = E97E5D5D20E91E29000E9E30 /* spend_transaction_broadcast_to_blockchain_succeeded.swift */; };
		E97E5D8E20E91E29000E9E30 /* entrypoint_button_tapped.swift in Sources */ = {isa = PBXBuildFile; fileRef = E97E5D5E20E91E29000E9E30 /* entrypoint_button_tapped.swift */; };
		E97E5D8F20E91E29000E9E30 /* earn_page_loaded.swift in Sources */ = {isa = PBXBuildFile; fileRef = E97E5D5F20E91E29000E9E30 /* earn_page_loaded.swift */; };
		E97E5D9020E91E29000E9E30 /* spend_transaction_broadcast_to_blockchain_submitted.swift in Sources */ = {isa = PBXBuildFile; fileRef = E97E5D6020E91E29000E9E30 /* spend_transaction_broadcast_to_blockchain_submitted.swift */; };
		E97E5D9120E91E29000E9E30 /* earn_order_creation_requested.swift in Sources */ = {isa = PBXBuildFile; fileRef = E97E5D6120E91E29000E9E30 /* earn_order_creation_requested.swift */; };
		E98D175C20481D8900FEB57A /* OrderCell.swift in Sources */ = {isa = PBXBuildFile; fileRef = E98D175A20481D8900FEB57A /* OrderCell.swift */; };
		E98D175D20481D8900FEB57A /* OrderCell.xib in Resources */ = {isa = PBXBuildFile; fileRef = E98D175B20481D8900FEB57A /* OrderCell.xib */; };
		E98D1764204840C500FEB57A /* OrderViewModel.swift in Sources */ = {isa = PBXBuildFile; fileRef = E98D1763204840C500FEB57A /* OrderViewModel.swift */; };
		E98D177B204BF92700FEB57A /* BalanceViewController.swift in Sources */ = {isa = PBXBuildFile; fileRef = E98D1779204BF92700FEB57A /* BalanceViewController.swift */; };
		E98D177C204BF92700FEB57A /* BalanceViewController.xib in Resources */ = {isa = PBXBuildFile; fileRef = E98D177A204BF92700FEB57A /* BalanceViewController.xib */; };
		E98D177E204BF94200FEB57A /* Core.swift in Sources */ = {isa = PBXBuildFile; fileRef = E98D177D204BF94200FEB57A /* Core.swift */; };
		E98D1780204D2B3D00FEB57A /* NSAttributedString+extensions.swift in Sources */ = {isa = PBXBuildFile; fileRef = E98D177F204D2B3D00FEB57A /* NSAttributedString+extensions.swift */; };
		E98D1782204D7D1800FEB57A /* OrderCellTimelineView.swift in Sources */ = {isa = PBXBuildFile; fileRef = E98D1781204D7D1800FEB57A /* OrderCellTimelineView.swift */; };
		E98D1784204FD09200FEB57A /* UIView+extensions.swift in Sources */ = {isa = PBXBuildFile; fileRef = E98D1783204FD09200FEB57A /* UIView+extensions.swift */; };
		E98D17872050205C00FEB57A /* WelcomeViewController.swift in Sources */ = {isa = PBXBuildFile; fileRef = E98D17852050205C00FEB57A /* WelcomeViewController.swift */; };
		E98D17882050205C00FEB57A /* WelcomeViewController.xib in Resources */ = {isa = PBXBuildFile; fileRef = E98D17862050205C00FEB57A /* WelcomeViewController.xib */; };
		E98D178E20518B3600FEB57A /* UIImage+extensions.swift in Sources */ = {isa = PBXBuildFile; fileRef = E98D178D20518B3600FEB57A /* UIImage+extensions.swift */; };
		E98E48A3201A110C00CB8CC2 /* Bundle+extensions.swift in Sources */ = {isa = PBXBuildFile; fileRef = E98E48A2201A110C00CB8CC2 /* Bundle+extensions.swift */; };
		E98E48B7201A12AC00CB8CC2 /* KinEcosystem.xcdatamodeld in Sources */ = {isa = PBXBuildFile; fileRef = E98E48B5201A12AC00CB8CC2 /* KinEcosystem.xcdatamodeld */; };
		E9DB9E2B20A2EFFE00AD9EB1 /* JWTConfirmation.swift in Sources */ = {isa = PBXBuildFile; fileRef = E9DB9E2A20A2EFFE00AD9EB1 /* JWTConfirmation.swift */; };
		E9DC2021216B807500746B81 /* Xib+localization.swift in Sources */ = {isa = PBXBuildFile; fileRef = E9DC2020216B807500746B81 /* Xib+localization.swift */; };
		E9DC202C216B97E900746B81 /* String+localized.swift in Sources */ = {isa = PBXBuildFile; fileRef = E9DC2026216B97E900746B81 /* String+localized.swift */; };
		E9DFCC3B2027114300F115FA /* CodingUserInfoKey+Decode.swift in Sources */ = {isa = PBXBuildFile; fileRef = E9DFCC3A2027114300F115FA /* CodingUserInfoKey+Decode.swift */; };
		E9DFCC3D2027117700F115FA /* Offer.swift in Sources */ = {isa = PBXBuildFile; fileRef = E9DFCC3C2027117700F115FA /* Offer.swift */; };
		E9EBA02520287F0500B21DFD /* EcosystemData.swift in Sources */ = {isa = PBXBuildFile; fileRef = E9EBA02420287F0500B21DFD /* EcosystemData.swift */; };
		E9EBA02720288C1800B21DFD /* EcosystemNet.swift in Sources */ = {isa = PBXBuildFile; fileRef = E9EBA02620288C1800B21DFD /* EcosystemNet.swift */; };
		E9FC5999203B19A800D1DA2B /* Assets.xcassets in Resources */ = {isa = PBXBuildFile; fileRef = E9FC5998203B19A800D1DA2B /* Assets.xcassets */; };
		E9FC599B203B24C100D1DA2B /* Decimal+Currency.swift in Sources */ = {isa = PBXBuildFile; fileRef = E9FC599A203B24C100D1DA2B /* Decimal+Currency.swift */; };
/* End PBXBuildFile section */

/* Begin PBXContainerItemProxy section */
		685013592177062E00749045 /* PBXContainerItemProxy */ = {
			isa = PBXContainerItemProxy;
			containerPortal = E96F24D0201729690017EF68 /* Project object */;
			proxyType = 1;
			remoteGlobalIDString = E96F24D8201729690017EF68;
			remoteInfo = KinEcosystem;
		};
		E93718F52113135F003DCA6F /* PBXContainerItemProxy */ = {
			isa = PBXContainerItemProxy;
			containerPortal = E93718EC2113135F003DCA6F /* KinCoreSDK.xcodeproj */;
			proxyType = 2;
			remoteGlobalIDString = 82140EA91FA88E5B00FAF19B;
			remoteInfo = KinCoreSDK;
		};
		E93718F72113135F003DCA6F /* PBXContainerItemProxy */ = {
			isa = PBXContainerItemProxy;
			containerPortal = E93718EC2113135F003DCA6F /* KinCoreSDK.xcodeproj */;
			proxyType = 2;
			remoteGlobalIDString = 8278352E1FA9B5F20006C3DF;
			remoteInfo = KinTestHost;
		};
		E93718F92113135F003DCA6F /* PBXContainerItemProxy */ = {
			isa = PBXContainerItemProxy;
			containerPortal = E93718EC2113135F003DCA6F /* KinCoreSDK.xcodeproj */;
			proxyType = 2;
			remoteGlobalIDString = 827835411FA9B5F20006C3DF;
			remoteInfo = KinCoreSDKTests;
		};
		E93718FB2113135F003DCA6F /* PBXContainerItemProxy */ = {
			isa = PBXContainerItemProxy;
			containerPortal = E93718EC2113135F003DCA6F /* KinCoreSDK.xcodeproj */;
			proxyType = 2;
			remoteGlobalIDString = 82BA2113204D867200396AE2;
			remoteInfo = "KinCoreSDK-macos";
		};
		E942F8BA2030819C00DD4B8E /* PBXContainerItemProxy */ = {
			isa = PBXContainerItemProxy;
			containerPortal = E942F8B52030819C00DD4B8E /* CoreDataStack.xcodeproj */;
			proxyType = 2;
			remoteGlobalIDString = 8246E72E1FC84AEE0087140A;
			remoteInfo = CoreDataStack;
		};
		E942F8BC2030819C00DD4B8E /* PBXContainerItemProxy */ = {
			isa = PBXContainerItemProxy;
			containerPortal = E942F8B52030819C00DD4B8E /* CoreDataStack.xcodeproj */;
			proxyType = 2;
			remoteGlobalIDString = 8246E7371FC84AEE0087140A;
			remoteInfo = CoreDataStackTests;
		};
		E942F8CD203081B400DD4B8E /* PBXContainerItemProxy */ = {
			isa = PBXContainerItemProxy;
			containerPortal = E942F8B52030819C00DD4B8E /* CoreDataStack.xcodeproj */;
			proxyType = 1;
			remoteGlobalIDString = 8246E72D1FC84AEE0087140A;
			remoteInfo = CoreDataStack;
		};
		E942F8EA2031121B00DD4B8E /* PBXContainerItemProxy */ = {
			isa = PBXContainerItemProxy;
			containerPortal = E96F24D0201729690017EF68 /* Project object */;
			proxyType = 1;
			remoteGlobalIDString = E942F8D72031120D00DD4B8E;
			remoteInfo = KinEcosystemTestsHost;
		};
		E96F24E4201729690017EF68 /* PBXContainerItemProxy */ = {
			isa = PBXContainerItemProxy;
			containerPortal = E96F24D0201729690017EF68 /* Project object */;
			proxyType = 1;
			remoteGlobalIDString = E96F24D8201729690017EF68;
			remoteInfo = KinEcosystem;
		};
/* End PBXContainerItemProxy section */

/* Begin PBXFileReference section */
		6850135721761ACB00749045 /* BackupIntroViewController.swift */ = {isa = PBXFileReference; lastKnownFileType = sourcecode.swift; path = BackupIntroViewController.swift; sourceTree = "<group>"; };
		6850135C21770EE700749045 /* BackupExplanationViewController.swift */ = {isa = PBXFileReference; lastKnownFileType = sourcecode.swift; path = BackupExplanationViewController.swift; sourceTree = "<group>"; };
		6850135E217747B000749045 /* BackupExplanationViewController.xib */ = {isa = PBXFileReference; fileEncoding = 4; lastKnownFileType = file.xib; path = BackupExplanationViewController.xib; sourceTree = "<group>"; };
		685013602177488A00749045 /* RoundButton.swift */ = {isa = PBXFileReference; lastKnownFileType = sourcecode.swift; path = RoundButton.swift; sourceTree = "<group>"; };
		68FDE8BE21775ABF00F8E52E /* BackupCompletedViewController.swift */ = {isa = PBXFileReference; lastKnownFileType = sourcecode.swift; path = BackupCompletedViewController.swift; sourceTree = "<group>"; };
		91A4EA7F20CFB22200C3399F /* KinPreferenceKey.swift */ = {isa = PBXFileReference; fileEncoding = 4; lastKnownFileType = sourcecode.swift; path = KinPreferenceKey.swift; sourceTree = "<group>"; };
		91A4EA8420CFB22200C3399F /* KinEcosystemError.swift */ = {isa = PBXFileReference; fileEncoding = 4; lastKnownFileType = sourcecode.swift; path = KinEcosystemError.swift; sourceTree = "<group>"; };
		91A4EA8720CFB22E00C3399F /* KinViewController.swift */ = {isa = PBXFileReference; fileEncoding = 4; lastKnownFileType = sourcecode.swift; path = KinViewController.swift; sourceTree = "<group>"; };
		E9037501207DFC8E00704DBB /* InsufficientFundsViewController.swift */ = {isa = PBXFileReference; lastKnownFileType = sourcecode.swift; path = InsufficientFundsViewController.swift; sourceTree = "<group>"; };
		E9037502207DFC8E00704DBB /* InsufficientFundsViewController.xib */ = {isa = PBXFileReference; lastKnownFileType = file.xib; path = InsufficientFundsViewController.xib; sourceTree = "<group>"; };
		E90441592035C83000E3E261 /* SpendOfferCell.swift */ = {isa = PBXFileReference; lastKnownFileType = sourcecode.swift; path = SpendOfferCell.swift; sourceTree = "<group>"; };
		E904415A2035C83000E3E261 /* SpendOfferCell.xib */ = {isa = PBXFileReference; lastKnownFileType = file.xib; path = SpendOfferCell.xib; sourceTree = "<group>"; };
		E912B4E1203C5792005ADBA1 /* OrderResult.swift */ = {isa = PBXFileReference; lastKnownFileType = sourcecode.swift; path = OrderResult.swift; sourceTree = "<group>"; };
		E912B4E6203C5AE0005ADBA1 /* Order.swift */ = {isa = PBXFileReference; lastKnownFileType = sourcecode.swift; path = Order.swift; sourceTree = "<group>"; };
		E912B4E8203C5E17005ADBA1 /* Iso8601DateFormatter.swift */ = {isa = PBXFileReference; lastKnownFileType = sourcecode.swift; path = Iso8601DateFormatter.swift; sourceTree = "<group>"; };
		E912B4EA203C6683005ADBA1 /* BlockchainData.swift */ = {isa = PBXFileReference; lastKnownFileType = sourcecode.swift; path = BlockchainData.swift; sourceTree = "<group>"; };
		E912B4EC203D69FE005ADBA1 /* NetworkTypes.swift */ = {isa = PBXFileReference; lastKnownFileType = sourcecode.swift; path = NetworkTypes.swift; sourceTree = "<group>"; };
		E913AD95204692190071D329 /* KinNavigationViewController.swift */ = {isa = PBXFileReference; lastKnownFileType = sourcecode.swift; path = KinNavigationViewController.swift; sourceTree = "<group>"; };
		E913AD96204692190071D329 /* KinNavigationViewController.xib */ = {isa = PBXFileReference; lastKnownFileType = file.xib; path = KinNavigationViewController.xib; sourceTree = "<group>"; };
		E91E6403203AB16400BB4104 /* UINavigationBar+gradient.swift */ = {isa = PBXFileReference; lastKnownFileType = sourcecode.swift; path = "UINavigationBar+gradient.swift"; sourceTree = "<group>"; };
		E91E6405203AB30A00BB4104 /* UIColor+KinStyle.swift */ = {isa = PBXFileReference; fileEncoding = 4; lastKnownFileType = sourcecode.swift; path = "UIColor+KinStyle.swift"; sourceTree = "<group>"; };
		E91E6407203ABF2800BB4104 /* KinBaseNavigationController.swift */ = {isa = PBXFileReference; lastKnownFileType = sourcecode.swift; path = KinBaseNavigationController.swift; sourceTree = "<group>"; };
		E92501B920614A4400E2E738 /* Flows.swift */ = {isa = PBXFileReference; lastKnownFileType = sourcecode.swift; path = Flows.swift; sourceTree = "<group>"; };
		E92F7B7A20691403008A027F /* SpendOfferViewController.swift */ = {isa = PBXFileReference; lastKnownFileType = sourcecode.swift; path = SpendOfferViewController.swift; sourceTree = "<group>"; };
		E92F7B7B20691403008A027F /* SpendOfferViewController.xib */ = {isa = PBXFileReference; lastKnownFileType = file.xib; path = SpendOfferViewController.xib; sourceTree = "<group>"; };
		E92F7B7E206921BC008A027F /* SpendViewModel.swift */ = {isa = PBXFileReference; lastKnownFileType = sourcecode.swift; path = SpendViewModel.swift; sourceTree = "<group>"; };
		E92F7B80206923A0008A027F /* SheetTransition.swift */ = {isa = PBXFileReference; lastKnownFileType = sourcecode.swift; path = SheetTransition.swift; sourceTree = "<group>"; };
		E92F7B872069992A008A027F /* Animations.swift */ = {isa = PBXFileReference; lastKnownFileType = sourcecode.swift; path = Animations.swift; sourceTree = "<group>"; };
		E93146322164F52B008F2D74 /* en */ = {isa = PBXFileReference; lastKnownFileType = text.plist.strings; name = en; path = en.lproj/Localizable.strings; sourceTree = "<group>"; };
		E93718EC2113135F003DCA6F /* KinCoreSDK.xcodeproj */ = {isa = PBXFileReference; lastKnownFileType = "wrapper.pb-project"; name = KinCoreSDK.xcodeproj; path = "Dependencies/kin-sdk-core-stellar-ios/KinSDK/KinCoreSDK.xcodeproj"; sourceTree = "<group>"; };
		E942F8A4202C4C6F00DD4B8E /* OfferVIewModel.swift */ = {isa = PBXFileReference; lastKnownFileType = sourcecode.swift; path = OfferVIewModel.swift; sourceTree = "<group>"; };
		E942F8A6202C5C5900DD4B8E /* ImageCache.swift */ = {isa = PBXFileReference; lastKnownFileType = sourcecode.swift; path = ImageCache.swift; sourceTree = "<group>"; };
		E942F8B52030819C00DD4B8E /* CoreDataStack.xcodeproj */ = {isa = PBXFileReference; lastKnownFileType = "wrapper.pb-project"; name = CoreDataStack.xcodeproj; path = Dependencies/CoreDataStack/CoreDataStack/CoreDataStack.xcodeproj; sourceTree = "<group>"; };
		E942F8D22030DD7D00DD4B8E /* Blockchain.swift */ = {isa = PBXFileReference; lastKnownFileType = sourcecode.swift; path = Blockchain.swift; sourceTree = "<group>"; };
		E942F8D82031120D00DD4B8E /* KinEcosystemTestsHost.app */ = {isa = PBXFileReference; explicitFileType = wrapper.application; includeInIndex = 0; path = KinEcosystemTestsHost.app; sourceTree = BUILT_PRODUCTS_DIR; };
		E942F8DA2031120D00DD4B8E /* AppDelegate.swift */ = {isa = PBXFileReference; lastKnownFileType = sourcecode.swift; path = AppDelegate.swift; sourceTree = "<group>"; };
		E942F8DC2031120D00DD4B8E /* ViewController.swift */ = {isa = PBXFileReference; lastKnownFileType = sourcecode.swift; path = ViewController.swift; sourceTree = "<group>"; };
		E942F8DF2031120D00DD4B8E /* Base */ = {isa = PBXFileReference; lastKnownFileType = file.storyboard; name = Base; path = Base.lproj/Main.storyboard; sourceTree = "<group>"; };
		E942F8E42031120D00DD4B8E /* Base */ = {isa = PBXFileReference; lastKnownFileType = file.storyboard; name = Base; path = Base.lproj/LaunchScreen.storyboard; sourceTree = "<group>"; };
		E942F8E62031120D00DD4B8E /* Info.plist */ = {isa = PBXFileReference; lastKnownFileType = text.plist.xml; path = Info.plist; sourceTree = "<group>"; };
		E942F8F22031B54800DD4B8E /* Logger.swift */ = {isa = PBXFileReference; lastKnownFileType = sourcecode.swift; path = Logger.swift; sourceTree = "<group>"; };
		E942F8F42032D7E300DD4B8E /* BaseDataNetworkTest.swift */ = {isa = PBXFileReference; lastKnownFileType = sourcecode.swift; path = BaseDataNetworkTest.swift; sourceTree = "<group>"; };
		E942F8F62032D7F500DD4B8E /* DataTests.swift */ = {isa = PBXFileReference; lastKnownFileType = sourcecode.swift; path = DataTests.swift; sourceTree = "<group>"; };
		E942F8FC2033157600DD4B8E /* PromiseTests.swift */ = {isa = PBXFileReference; lastKnownFileType = sourcecode.swift; path = PromiseTests.swift; sourceTree = "<group>"; };
		E942F8FE20331AAE00DD4B8E /* MarketplaceViewController.swift */ = {isa = PBXFileReference; lastKnownFileType = sourcecode.swift; path = MarketplaceViewController.swift; sourceTree = "<group>"; };
		E942F90A2034138100DD4B8E /* EarnOfferCell.swift */ = {isa = PBXFileReference; lastKnownFileType = sourcecode.swift; path = EarnOfferCell.swift; sourceTree = "<group>"; };
		E942F90C2034213400DD4B8E /* OffersCollectionViewFlowLayout.swift */ = {isa = PBXFileReference; lastKnownFileType = sourcecode.swift; path = OffersCollectionViewFlowLayout.swift; sourceTree = "<group>"; };
		E942F90E2034268300DD4B8E /* EarnOfferCell.xib */ = {isa = PBXFileReference; lastKnownFileType = file.xib; path = EarnOfferCell.xib; sourceTree = "<group>"; };
		E942F94E2034751000DD4B8E /* CoreData.framework */ = {isa = PBXFileReference; lastKnownFileType = wrapper.framework; name = CoreData.framework; path = System/Library/Frameworks/CoreData.framework; sourceTree = SDKROOT; };
		E9540F4B20E01BAF0038FF49 /* Environment.swift */ = {isa = PBXFileReference; fileEncoding = 4; lastKnownFileType = sourcecode.swift; path = Environment.swift; sourceTree = "<group>"; };
		E9540F5920E01DAC0038FF49 /* Balance.swift */ = {isa = PBXFileReference; fileEncoding = 4; lastKnownFileType = sourcecode.swift; path = Balance.swift; sourceTree = "<group>"; };
		E954100920E3B3230038FF49 /* BIClient.swift */ = {isa = PBXFileReference; lastKnownFileType = sourcecode.swift; path = BIClient.swift; sourceTree = "<group>"; };
		E954106820E3B3A10038FF49 /* EventsStore.swift */ = {isa = PBXFileReference; lastKnownFileType = sourcecode.swift; path = EventsStore.swift; sourceTree = "<group>"; };
		E954106B20E3B5FA0038FF49 /* BIError.swift */ = {isa = PBXFileReference; fileEncoding = 4; lastKnownFileType = sourcecode.swift; path = BIError.swift; sourceTree = "<group>"; };
		E954A60820568B9600F01C8A /* DiamondsLoaderView.swift */ = {isa = PBXFileReference; lastKnownFileType = sourcecode.swift; path = DiamondsLoaderView.swift; sourceTree = "<group>"; };
		E954A60D2056B86A00F01C8A /* SplashTransition.swift */ = {isa = PBXFileReference; lastKnownFileType = sourcecode.swift; path = SplashTransition.swift; sourceTree = "<group>"; };
		E954A60F205711CE00F01C8A /* CGPoint+functions.swift */ = {isa = PBXFileReference; lastKnownFileType = sourcecode.swift; path = "CGPoint+functions.swift"; sourceTree = "<group>"; };
		E954A62C2058163C00F01C8A /* OrderError.swift */ = {isa = PBXFileReference; lastKnownFileType = sourcecode.swift; path = OrderError.swift; sourceTree = "<group>"; };
		E954A62E205817AD00F01C8A /* CouponCode.swift */ = {isa = PBXFileReference; lastKnownFileType = sourcecode.swift; path = CouponCode.swift; sourceTree = "<group>"; };
		E954A642205A7FC600F01C8A /* EarnOfferViewController.swift */ = {isa = PBXFileReference; lastKnownFileType = sourcecode.swift; path = EarnOfferViewController.swift; sourceTree = "<group>"; };
		E9657F3A203F5F0700D993F9 /* RestClient.swift */ = {isa = PBXFileReference; lastKnownFileType = sourcecode.swift; path = RestClient.swift; sourceTree = "<group>"; };
		E96A582E204458AF00285C7B /* OrdersViewController.swift */ = {isa = PBXFileReference; lastKnownFileType = sourcecode.swift; path = OrdersViewController.swift; sourceTree = "<group>"; };
		E96A582F204458AF00285C7B /* OrdersViewController.xib */ = {isa = PBXFileReference; lastKnownFileType = file.xib; path = OrdersViewController.xib; sourceTree = "<group>"; };
		E96F24D9201729690017EF68 /* KinEcosystem.framework */ = {isa = PBXFileReference; explicitFileType = wrapper.framework; includeInIndex = 0; path = KinEcosystem.framework; sourceTree = BUILT_PRODUCTS_DIR; };
		E96F24DC201729690017EF68 /* KinEcosystem.h */ = {isa = PBXFileReference; lastKnownFileType = sourcecode.c.h; path = KinEcosystem.h; sourceTree = "<group>"; };
		E96F24DD201729690017EF68 /* Info.plist */ = {isa = PBXFileReference; lastKnownFileType = text.plist.xml; path = Info.plist; sourceTree = "<group>"; };
		E96F24E2201729690017EF68 /* KinEcosystemTests.xctest */ = {isa = PBXFileReference; explicitFileType = wrapper.cfbundle; includeInIndex = 0; path = KinEcosystemTests.xctest; sourceTree = BUILT_PRODUCTS_DIR; };
		E96F24E9201729690017EF68 /* Info.plist */ = {isa = PBXFileReference; lastKnownFileType = text.plist.xml; path = Info.plist; sourceTree = "<group>"; };
		E96F24F62018A8AC0017EF68 /* Kin.swift */ = {isa = PBXFileReference; lastKnownFileType = sourcecode.swift; path = Kin.swift; sourceTree = "<group>"; };
		E9753C10206BD4AB0023CF94 /* CouponViewController.swift */ = {isa = PBXFileReference; lastKnownFileType = sourcecode.swift; path = CouponViewController.swift; sourceTree = "<group>"; };
		E9753C11206BD4AB0023CF94 /* CouponViewController.xib */ = {isa = PBXFileReference; lastKnownFileType = file.xib; path = CouponViewController.xib; sourceTree = "<group>"; };
		E9753C18206BD95A0023CF94 /* CouponViewModel.swift */ = {isa = PBXFileReference; lastKnownFileType = sourcecode.swift; path = CouponViewModel.swift; sourceTree = "<group>"; };
		E9764F802174721900A2B48E /* Recovery.swift */ = {isa = PBXFileReference; lastKnownFileType = sourcecode.swift; path = Recovery.swift; sourceTree = "<group>"; };
		E9764F8321747BE800A2B48E /* Kin+BackupRestore.swift */ = {isa = PBXFileReference; lastKnownFileType = sourcecode.swift; path = "Kin+BackupRestore.swift"; sourceTree = "<group>"; };
		E97E5C4E20E4C840000E9E30 /* KBIEvent.swift */ = {isa = PBXFileReference; lastKnownFileType = sourcecode.swift; path = KBIEvent.swift; sourceTree = "<group>"; };
		E97E5D1720E82D8D000E9E30 /* Reachability.swift */ = {isa = PBXFileReference; lastKnownFileType = sourcecode.swift; path = Reachability.swift; sourceTree = "<group>"; };
		E97E5D2320E8EF93000E9E30 /* DeviceData.swift */ = {isa = PBXFileReference; lastKnownFileType = sourcecode.swift; path = DeviceData.swift; sourceTree = "<group>"; };
		E97E5D3220E91E28000E9E30 /* earn_order_failed.swift */ = {isa = PBXFileReference; fileEncoding = 4; lastKnownFileType = sourcecode.swift; path = earn_order_failed.swift; sourceTree = "<group>"; };
		E97E5D3320E91E28000E9E30 /* earn_order_creation_received.swift */ = {isa = PBXFileReference; fileEncoding = 4; lastKnownFileType = sourcecode.swift; path = earn_order_creation_received.swift; sourceTree = "<group>"; };
		E97E5D3420E91E28000E9E30 /* spend_thankyou_page_viewed.swift */ = {isa = PBXFileReference; fileEncoding = 4; lastKnownFileType = sourcecode.swift; path = spend_thankyou_page_viewed.swift; sourceTree = "<group>"; };
		E97E5D3520E91E28000E9E30 /* balance_tapped.swift */ = {isa = PBXFileReference; fileEncoding = 4; lastKnownFileType = sourcecode.swift; path = balance_tapped.swift; sourceTree = "<group>"; };
		E97E5D3620E91E28000E9E30 /* redeem_url_tapped.swift */ = {isa = PBXFileReference; fileEncoding = 4; lastKnownFileType = sourcecode.swift; path = redeem_url_tapped.swift; sourceTree = "<group>"; };
		E97E5D3720E91E28000E9E30 /* spend_order_creation_failed.swift */ = {isa = PBXFileReference; fileEncoding = 4; lastKnownFileType = sourcecode.swift; path = spend_order_creation_failed.swift; sourceTree = "<group>"; };
		E97E5D3820E91E28000E9E30 /* spend_order_completed.swift */ = {isa = PBXFileReference; fileEncoding = 4; lastKnownFileType = sourcecode.swift; path = spend_order_completed.swift; sourceTree = "<group>"; };
		E97E5D3920E91E28000E9E30 /* spend_order_cancelled.swift */ = {isa = PBXFileReference; fileEncoding = 4; lastKnownFileType = sourcecode.swift; path = spend_order_cancelled.swift; sourceTree = "<group>"; };
		E97E5D3A20E91E28000E9E30 /* earn_order_creation_failed.swift */ = {isa = PBXFileReference; fileEncoding = 4; lastKnownFileType = sourcecode.swift; path = earn_order_creation_failed.swift; sourceTree = "<group>"; };
		E97E5D3B20E91E28000E9E30 /* not_enough_kin_page_viewed.swift */ = {isa = PBXFileReference; fileEncoding = 4; lastKnownFileType = sourcecode.swift; path = not_enough_kin_page_viewed.swift; sourceTree = "<group>"; };
		E97E5D3C20E91E28000E9E30 /* stellar_account_creation_requested.swift */ = {isa = PBXFileReference; fileEncoding = 4; lastKnownFileType = sourcecode.swift; path = stellar_account_creation_requested.swift; sourceTree = "<group>"; };
		E97E5D3D20E91E28000E9E30 /* spend_offer_tapped.swift */ = {isa = PBXFileReference; fileEncoding = 4; lastKnownFileType = sourcecode.swift; path = spend_offer_tapped.swift; sourceTree = "<group>"; };
		E97E5D3E20E91E28000E9E30 /* spend_redeem_button_tapped.swift */ = {isa = PBXFileReference; fileEncoding = 4; lastKnownFileType = sourcecode.swift; path = spend_redeem_button_tapped.swift; sourceTree = "<group>"; };
		E97E5D3F20E91E28000E9E30 /* earn_order_cancelled.swift */ = {isa = PBXFileReference; fileEncoding = 4; lastKnownFileType = sourcecode.swift; path = earn_order_cancelled.swift; sourceTree = "<group>"; };
		E97E5D4020E91E28000E9E30 /* kin_balance_updated.swift */ = {isa = PBXFileReference; fileEncoding = 4; lastKnownFileType = sourcecode.swift; path = kin_balance_updated.swift; sourceTree = "<group>"; };
		E97E5D4120E91E28000E9E30 /* welcome_screen_button_tapped.swift */ = {isa = PBXFileReference; fileEncoding = 4; lastKnownFileType = sourcecode.swift; path = welcome_screen_button_tapped.swift; sourceTree = "<group>"; };
		E97E5D4220E91E28000E9E30 /* earn_order_completed.swift */ = {isa = PBXFileReference; fileEncoding = 4; lastKnownFileType = sourcecode.swift; path = earn_order_completed.swift; sourceTree = "<group>"; };
		E97E5D4320E91E28000E9E30 /* marketplace_page_viewed.swift */ = {isa = PBXFileReference; fileEncoding = 4; lastKnownFileType = sourcecode.swift; path = marketplace_page_viewed.swift; sourceTree = "<group>"; };
		E97E5D4420E91E28000E9E30 /* general_ecosystem_sdk_error.swift */ = {isa = PBXFileReference; fileEncoding = 4; lastKnownFileType = sourcecode.swift; path = general_ecosystem_sdk_error.swift; sourceTree = "<group>"; };
		E97E5D4520E91E29000E9E30 /* back_button_on_marketplace_page_tapped.swift */ = {isa = PBXFileReference; fileEncoding = 4; lastKnownFileType = sourcecode.swift; path = back_button_on_marketplace_page_tapped.swift; sourceTree = "<group>"; };
		E97E5D4620E91E29000E9E30 /* common.swift */ = {isa = PBXFileReference; fileEncoding = 4; lastKnownFileType = sourcecode.swift; path = common.swift; sourceTree = "<group>"; };
		E97E5D4720E91E29000E9E30 /* user.swift */ = {isa = PBXFileReference; fileEncoding = 4; lastKnownFileType = sourcecode.swift; path = user.swift; sourceTree = "<group>"; };
		E97E5D4820E91E29000E9E30 /* welcome_screen_page_viewed.swift */ = {isa = PBXFileReference; fileEncoding = 4; lastKnownFileType = sourcecode.swift; path = welcome_screen_page_viewed.swift; sourceTree = "<group>"; };
		E97E5D4920E91E29000E9E30 /* earn_order_payment_confirmed.swift */ = {isa = PBXFileReference; fileEncoding = 4; lastKnownFileType = sourcecode.swift; path = earn_order_payment_confirmed.swift; sourceTree = "<group>"; };
		E97E5D4A20E91E29000E9E30 /* spend_order_creation_requested.swift */ = {isa = PBXFileReference; fileEncoding = 4; lastKnownFileType = sourcecode.swift; path = spend_order_creation_requested.swift; sourceTree = "<group>"; };
		E97E5D4B20E91E29000E9E30 /* wallet_creation_succeeded.swift */ = {isa = PBXFileReference; fileEncoding = 4; lastKnownFileType = sourcecode.swift; path = wallet_creation_succeeded.swift; sourceTree = "<group>"; };
		E97E5D4C20E91E29000E9E30 /* earn_order_completion_submitted.swift */ = {isa = PBXFileReference; fileEncoding = 4; lastKnownFileType = sourcecode.swift; path = earn_order_completion_submitted.swift; sourceTree = "<group>"; };
		E97E5D4D20E91E29000E9E30 /* confirm_purchase_page_viewed.swift */ = {isa = PBXFileReference; fileEncoding = 4; lastKnownFileType = sourcecode.swift; path = confirm_purchase_page_viewed.swift; sourceTree = "<group>"; };
		E97E5D4E20E91E29000E9E30 /* stellar_kin_trustline_setup_succeeded.swift */ = {isa = PBXFileReference; fileEncoding = 4; lastKnownFileType = sourcecode.swift; path = stellar_kin_trustline_setup_succeeded.swift; sourceTree = "<group>"; };
		E97E5D4F20E91E29000E9E30 /* client.swift */ = {isa = PBXFileReference; fileEncoding = 4; lastKnownFileType = sourcecode.swift; path = client.swift; sourceTree = "<group>"; };
		E97E5D5020E91E29000E9E30 /* order_history_item_tapped.swift */ = {isa = PBXFileReference; fileEncoding = 4; lastKnownFileType = sourcecode.swift; path = order_history_item_tapped.swift; sourceTree = "<group>"; };
		E97E5D5120E91E29000E9E30 /* order_history_page_viewed.swift */ = {isa = PBXFileReference; fileEncoding = 4; lastKnownFileType = sourcecode.swift; path = order_history_page_viewed.swift; sourceTree = "<group>"; };
		E97E5D5220E91E29000E9E30 /* stellar_kin_trustline_setup_failed.swift */ = {isa = PBXFileReference; fileEncoding = 4; lastKnownFileType = sourcecode.swift; path = stellar_kin_trustline_setup_failed.swift; sourceTree = "<group>"; };
		E97E5D5320E91E29000E9E30 /* confirm_purchase_button_tapped.swift */ = {isa = PBXFileReference; fileEncoding = 4; lastKnownFileType = sourcecode.swift; path = confirm_purchase_button_tapped.swift; sourceTree = "<group>"; };
		E97E5D5420E91E29000E9E30 /* spend_transaction_broadcast_to_blockchain_failed.swift */ = {isa = PBXFileReference; fileEncoding = 4; lastKnownFileType = sourcecode.swift; path = spend_transaction_broadcast_to_blockchain_failed.swift; sourceTree = "<group>"; };
		E97E5D5520E91E29000E9E30 /* spend_order_creation_received.swift */ = {isa = PBXFileReference; fileEncoding = 4; lastKnownFileType = sourcecode.swift; path = spend_order_creation_received.swift; sourceTree = "<group>"; };
		E97E5D5620E91E29000E9E30 /* kin_sdk_initiated.swift */ = {isa = PBXFileReference; fileEncoding = 4; lastKnownFileType = sourcecode.swift; path = kin_sdk_initiated.swift; sourceTree = "<group>"; };
		E97E5D5720E91E29000E9E30 /* spend_redeem_page_viewed.swift */ = {isa = PBXFileReference; fileEncoding = 4; lastKnownFileType = sourcecode.swift; path = spend_redeem_page_viewed.swift; sourceTree = "<group>"; };
		E97E5D5820E91E29000E9E30 /* spend_order_failed.swift */ = {isa = PBXFileReference; fileEncoding = 4; lastKnownFileType = sourcecode.swift; path = spend_order_failed.swift; sourceTree = "<group>"; };
		E97E5D5920E91E29000E9E30 /* back_button_on_welcome_screen_page_tapped.swift */ = {isa = PBXFileReference; fileEncoding = 4; lastKnownFileType = sourcecode.swift; path = back_button_on_welcome_screen_page_tapped.swift; sourceTree = "<group>"; };
		E97E5D5A20E91E29000E9E30 /* spend_order_completion_submitted.swift */ = {isa = PBXFileReference; fileEncoding = 4; lastKnownFileType = sourcecode.swift; path = spend_order_completion_submitted.swift; sourceTree = "<group>"; };
		E97E5D5B20E91E29000E9E30 /* earn_offer_tapped.swift */ = {isa = PBXFileReference; fileEncoding = 4; lastKnownFileType = sourcecode.swift; path = earn_offer_tapped.swift; sourceTree = "<group>"; };
		E97E5D5C20E91E29000E9E30 /* types.swift */ = {isa = PBXFileReference; fileEncoding = 4; lastKnownFileType = sourcecode.swift; path = types.swift; sourceTree = "<group>"; };
		E97E5D5D20E91E29000E9E30 /* spend_transaction_broadcast_to_blockchain_succeeded.swift */ = {isa = PBXFileReference; fileEncoding = 4; lastKnownFileType = sourcecode.swift; path = spend_transaction_broadcast_to_blockchain_succeeded.swift; sourceTree = "<group>"; };
		E97E5D5E20E91E29000E9E30 /* entrypoint_button_tapped.swift */ = {isa = PBXFileReference; fileEncoding = 4; lastKnownFileType = sourcecode.swift; path = entrypoint_button_tapped.swift; sourceTree = "<group>"; };
		E97E5D5F20E91E29000E9E30 /* earn_page_loaded.swift */ = {isa = PBXFileReference; fileEncoding = 4; lastKnownFileType = sourcecode.swift; path = earn_page_loaded.swift; sourceTree = "<group>"; };
		E97E5D6020E91E29000E9E30 /* spend_transaction_broadcast_to_blockchain_submitted.swift */ = {isa = PBXFileReference; fileEncoding = 4; lastKnownFileType = sourcecode.swift; path = spend_transaction_broadcast_to_blockchain_submitted.swift; sourceTree = "<group>"; };
		E97E5D6120E91E29000E9E30 /* earn_order_creation_requested.swift */ = {isa = PBXFileReference; fileEncoding = 4; lastKnownFileType = sourcecode.swift; path = earn_order_creation_requested.swift; sourceTree = "<group>"; };
		E98D17562047FD6100FEB57A /* KinUtil.framework */ = {isa = PBXFileReference; explicitFileType = wrapper.framework; path = KinUtil.framework; sourceTree = BUILT_PRODUCTS_DIR; };
		E98D175A20481D8900FEB57A /* OrderCell.swift */ = {isa = PBXFileReference; lastKnownFileType = sourcecode.swift; path = OrderCell.swift; sourceTree = "<group>"; };
		E98D175B20481D8900FEB57A /* OrderCell.xib */ = {isa = PBXFileReference; lastKnownFileType = file.xib; path = OrderCell.xib; sourceTree = "<group>"; };
		E98D1763204840C500FEB57A /* OrderViewModel.swift */ = {isa = PBXFileReference; lastKnownFileType = sourcecode.swift; path = OrderViewModel.swift; sourceTree = "<group>"; };
		E98D1779204BF92700FEB57A /* BalanceViewController.swift */ = {isa = PBXFileReference; lastKnownFileType = sourcecode.swift; path = BalanceViewController.swift; sourceTree = "<group>"; };
		E98D177A204BF92700FEB57A /* BalanceViewController.xib */ = {isa = PBXFileReference; lastKnownFileType = file.xib; path = BalanceViewController.xib; sourceTree = "<group>"; };
		E98D177D204BF94200FEB57A /* Core.swift */ = {isa = PBXFileReference; lastKnownFileType = sourcecode.swift; path = Core.swift; sourceTree = "<group>"; };
		E98D177F204D2B3D00FEB57A /* NSAttributedString+extensions.swift */ = {isa = PBXFileReference; lastKnownFileType = sourcecode.swift; path = "NSAttributedString+extensions.swift"; sourceTree = "<group>"; };
		E98D1781204D7D1800FEB57A /* OrderCellTimelineView.swift */ = {isa = PBXFileReference; lastKnownFileType = sourcecode.swift; path = OrderCellTimelineView.swift; sourceTree = "<group>"; };
		E98D1783204FD09200FEB57A /* UIView+extensions.swift */ = {isa = PBXFileReference; lastKnownFileType = sourcecode.swift; path = "UIView+extensions.swift"; sourceTree = "<group>"; };
		E98D17852050205C00FEB57A /* WelcomeViewController.swift */ = {isa = PBXFileReference; lastKnownFileType = sourcecode.swift; path = WelcomeViewController.swift; sourceTree = "<group>"; };
		E98D17862050205C00FEB57A /* WelcomeViewController.xib */ = {isa = PBXFileReference; lastKnownFileType = file.xib; path = WelcomeViewController.xib; sourceTree = "<group>"; };
		E98D178D20518B3600FEB57A /* UIImage+extensions.swift */ = {isa = PBXFileReference; lastKnownFileType = sourcecode.swift; path = "UIImage+extensions.swift"; sourceTree = "<group>"; };
		E98E48A2201A110C00CB8CC2 /* Bundle+extensions.swift */ = {isa = PBXFileReference; lastKnownFileType = sourcecode.swift; path = "Bundle+extensions.swift"; sourceTree = "<group>"; };
		E98E48B6201A12AC00CB8CC2 /* KinEcosystem.xcdatamodel */ = {isa = PBXFileReference; lastKnownFileType = wrapper.xcdatamodel; path = KinEcosystem.xcdatamodel; sourceTree = "<group>"; };
		E9DB9E2A20A2EFFE00AD9EB1 /* JWTConfirmation.swift */ = {isa = PBXFileReference; lastKnownFileType = sourcecode.swift; path = JWTConfirmation.swift; sourceTree = "<group>"; };
		E9DC201C216B353E00746B81 /* pt-BR */ = {isa = PBXFileReference; lastKnownFileType = text.plist.strings; name = "pt-BR"; path = "pt-BR.lproj/Localizable.strings"; sourceTree = "<group>"; };
		E9DC201F216B4B3D00746B81 /* en */ = {isa = PBXFileReference; lastKnownFileType = file.xib; name = en; path = en.lproj/MarketplaceViewController.xib; sourceTree = "<group>"; };
		E9DC2020216B807500746B81 /* Xib+localization.swift */ = {isa = PBXFileReference; lastKnownFileType = sourcecode.swift; path = "Xib+localization.swift"; sourceTree = "<group>"; };
		E9DC2026216B97E900746B81 /* String+localized.swift */ = {isa = PBXFileReference; fileEncoding = 4; lastKnownFileType = sourcecode.swift; path = "String+localized.swift"; sourceTree = "<group>"; };
		E9DFCC3A2027114300F115FA /* CodingUserInfoKey+Decode.swift */ = {isa = PBXFileReference; lastKnownFileType = sourcecode.swift; path = "CodingUserInfoKey+Decode.swift"; sourceTree = "<group>"; };
		E9DFCC3C2027117700F115FA /* Offer.swift */ = {isa = PBXFileReference; lastKnownFileType = sourcecode.swift; path = Offer.swift; sourceTree = "<group>"; };
		E9EBA02420287F0500B21DFD /* EcosystemData.swift */ = {isa = PBXFileReference; lastKnownFileType = sourcecode.swift; path = EcosystemData.swift; sourceTree = "<group>"; };
		E9EBA02620288C1800B21DFD /* EcosystemNet.swift */ = {isa = PBXFileReference; lastKnownFileType = sourcecode.swift; path = EcosystemNet.swift; sourceTree = "<group>"; };
		E9FC5998203B19A800D1DA2B /* Assets.xcassets */ = {isa = PBXFileReference; lastKnownFileType = folder.assetcatalog; path = Assets.xcassets; sourceTree = "<group>"; };
		E9FC599A203B24C100D1DA2B /* Decimal+Currency.swift */ = {isa = PBXFileReference; lastKnownFileType = sourcecode.swift; path = "Decimal+Currency.swift"; sourceTree = "<group>"; };
/* End PBXFileReference section */

/* Begin PBXFrameworksBuildPhase section */
		E942F8D52031120D00DD4B8E /* Frameworks */ = {
			isa = PBXFrameworksBuildPhase;
			buildActionMask = 2147483647;
			files = (
				6850135B2177063B00749045 /* KinEcosystem.framework in Frameworks */,
			);
			runOnlyForDeploymentPostprocessing = 0;
		};
		E96F24D5201729690017EF68 /* Frameworks */ = {
			isa = PBXFrameworksBuildPhase;
			buildActionMask = 2147483647;
			files = (
				E93718FD21131375003DCA6F /* KinCoreSDK.framework in Frameworks */,
			);
			runOnlyForDeploymentPostprocessing = 0;
		};
		E96F24DF201729690017EF68 /* Frameworks */ = {
			isa = PBXFrameworksBuildPhase;
			buildActionMask = 2147483647;
			files = (
				E96F24E3201729690017EF68 /* KinEcosystem.framework in Frameworks */,
			);
			runOnlyForDeploymentPostprocessing = 0;
		};
/* End PBXFrameworksBuildPhase section */

/* Begin PBXGroup section */
		68501352217607C700749045 /* View */ = {
			isa = PBXGroup;
			children = (
				68501353217607C700749045 /* nibs */,
				68501354217607C700749045 /* notNibs */,
			);
			path = View;
			sourceTree = "<group>";
		};
		68501353217607C700749045 /* nibs */ = {
			isa = PBXGroup;
			children = (
				6850135E217747B000749045 /* BackupExplanationViewController.xib */,
			);
			path = nibs;
			sourceTree = "<group>";
		};
		68501354217607C700749045 /* notNibs */ = {
			isa = PBXGroup;
			children = (
				6850135C21770EE700749045 /* BackupExplanationViewController.swift */,
				6850135721761ACB00749045 /* BackupIntroViewController.swift */,
				68FDE8BE21775ABF00F8E52E /* BackupCompletedViewController.swift */,
				685013602177488A00749045 /* RoundButton.swift */,
			);
			path = notNibs;
			sourceTree = "<group>";
		};
		E92501B820614A3300E2E738 /* Promises */ = {
			isa = PBXGroup;
			children = (
				E92501B920614A4400E2E738 /* Flows.swift */,
			);
			path = Promises;
			sourceTree = "<group>";
		};
		E92D18DF2029ACE2002E357D /* Frameworks */ = {
			isa = PBXGroup;
			children = (
				E98D17562047FD6100FEB57A /* KinUtil.framework */,
				E942F94E2034751000DD4B8E /* CoreData.framework */,
			);
			name = Frameworks;
			sourceTree = "<group>";
		};
		E93718ED2113135F003DCA6F /* Products */ = {
			isa = PBXGroup;
			children = (
				E93718F62113135F003DCA6F /* KinCoreSDK.framework */,
				E93718F82113135F003DCA6F /* KinTestHost.app */,
				E93718FA2113135F003DCA6F /* KinSDKTests.xctest */,
				E93718FC2113135F003DCA6F /* KinCoreSDK.framework */,
			);
			name = Products;
			sourceTree = "<group>";
		};
		E942F8A3202C4C4A00DD4B8E /* ViewModel */ = {
			isa = PBXGroup;
			children = (
				E942F8A4202C4C6F00DD4B8E /* OfferVIewModel.swift */,
				E98D1763204840C500FEB57A /* OrderViewModel.swift */,
				E92F7B7E206921BC008A027F /* SpendViewModel.swift */,
				E9753C18206BD95A0023CF94 /* CouponViewModel.swift */,
			);
			path = ViewModel;
			sourceTree = "<group>";
		};
		E942F8B62030819C00DD4B8E /* Products */ = {
			isa = PBXGroup;
			children = (
				E942F8BB2030819C00DD4B8E /* CoreDataStack.framework */,
				E942F8BD2030819C00DD4B8E /* CoreDataStackTests.xctest */,
			);
			name = Products;
			sourceTree = "<group>";
		};
		E942F8D12030DD6000DD4B8E /* Blockchain */ = {
			isa = PBXGroup;
			children = (
				E9540F5920E01DAC0038FF49 /* Balance.swift */,
				E942F8D22030DD7D00DD4B8E /* Blockchain.swift */,
			);
			path = Blockchain;
			sourceTree = "<group>";
		};
		E942F8D92031120D00DD4B8E /* KinEcosystemTestsHost */ = {
			isa = PBXGroup;
			children = (
				E942F8DA2031120D00DD4B8E /* AppDelegate.swift */,
				E942F8DC2031120D00DD4B8E /* ViewController.swift */,
				E942F8DE2031120D00DD4B8E /* Main.storyboard */,
				E942F8E32031120D00DD4B8E /* LaunchScreen.storyboard */,
				E942F8E62031120D00DD4B8E /* Info.plist */,
			);
			path = KinEcosystemTestsHost;
			sourceTree = "<group>";
		};
		E942F8F1203191F600DD4B8E /* View */ = {
			isa = PBXGroup;
			children = (
				E98D178A2051395A00FEB57A /* notNibs */,
				E98D17892051395100FEB57A /* nibs */,
			);
			path = View;
			sourceTree = "<group>";
		};
		E954100420E3B30E0038FF49 /* BI */ = {
			isa = PBXGroup;
			children = (
				E97E5D3120E91E28000E9E30 /* client */,
				E954106B20E3B5FA0038FF49 /* BIError.swift */,
				E954100920E3B3230038FF49 /* BIClient.swift */,
				E954106820E3B3A10038FF49 /* EventsStore.swift */,
				E97E5C4E20E4C840000E9E30 /* KBIEvent.swift */,
				E97E5D2320E8EF93000E9E30 /* DeviceData.swift */,
			);
			path = BI;
			sourceTree = "<group>";
		};
		E96F24CF201729690017EF68 = {
			isa = PBXGroup;
			children = (
				E93718EC2113135F003DCA6F /* KinCoreSDK.xcodeproj */,
				E942F8B52030819C00DD4B8E /* CoreDataStack.xcodeproj */,
				E96F24DB201729690017EF68 /* KinEcosystem */,
				E96F24E6201729690017EF68 /* KinEcosystemTests */,
				E942F8D92031120D00DD4B8E /* KinEcosystemTestsHost */,
				E96F24DA201729690017EF68 /* Products */,
				E92D18DF2029ACE2002E357D /* Frameworks */,
			);
			sourceTree = "<group>";
		};
		E96F24DA201729690017EF68 /* Products */ = {
			isa = PBXGroup;
			children = (
				E96F24D9201729690017EF68 /* KinEcosystem.framework */,
				E96F24E2201729690017EF68 /* KinEcosystemTests.xctest */,
				E942F8D82031120D00DD4B8E /* KinEcosystemTestsHost.app */,
			);
			name = Products;
			sourceTree = "<group>";
		};
		E96F24DB201729690017EF68 /* KinEcosystem */ = {
			isa = PBXGroup;
			children = (
				E9764F8221747BCA00A2B48E /* Kin+Backup */,
				E9764F7A217471CC00A2B48E /* BackupModule */,
				E954100420E3B30E0038FF49 /* BI */,
				E92501B820614A3300E2E738 /* Promises */,
				E942F8F1203191F600DD4B8E /* View */,
				E942F8D12030DD6000DD4B8E /* Blockchain */,
				E942F8A3202C4C4A00DD4B8E /* ViewModel */,
				E9DFCC39202710F000F115FA /* API */,
				E98E48B4201A128900CB8CC2 /* Model */,
				E98E4897201A02C700CB8CC2 /* extensions */,
				E96F24F52018A88D0017EF68 /* Core */,
				E96F24DC201729690017EF68 /* KinEcosystem.h */,
				E96F24DD201729690017EF68 /* Info.plist */,
				E9FC5998203B19A800D1DA2B /* Assets.xcassets */,
				E93146312164F52B008F2D74 /* Localizable.strings */,
			);
			path = KinEcosystem;
			sourceTree = "<group>";
		};
		E96F24E6201729690017EF68 /* KinEcosystemTests */ = {
			isa = PBXGroup;
			children = (
				E96F24E9201729690017EF68 /* Info.plist */,
				E942F8F42032D7E300DD4B8E /* BaseDataNetworkTest.swift */,
				E942F8F62032D7F500DD4B8E /* DataTests.swift */,
				E942F8FC2033157600DD4B8E /* PromiseTests.swift */,
			);
			path = KinEcosystemTests;
			sourceTree = "<group>";
		};
		E96F24F52018A88D0017EF68 /* Core */ = {
			isa = PBXGroup;
			children = (
				E9540F4B20E01BAF0038FF49 /* Environment.swift */,
				91A4EA8420CFB22200C3399F /* KinEcosystemError.swift */,
				91A4EA7F20CFB22200C3399F /* KinPreferenceKey.swift */,
				E96F24F62018A8AC0017EF68 /* Kin.swift */,
				E942F8A6202C5C5900DD4B8E /* ImageCache.swift */,
				E942F8F22031B54800DD4B8E /* Logger.swift */,
				E912B4E8203C5E17005ADBA1 /* Iso8601DateFormatter.swift */,
				E98D177D204BF94200FEB57A /* Core.swift */,
				E97E5D1720E82D8D000E9E30 /* Reachability.swift */,
			);
			path = Core;
			sourceTree = "<group>";
		};
		E9764F7A217471CC00A2B48E /* BackupModule */ = {
			isa = PBXGroup;
			children = (
				68501352217607C700749045 /* View */,
				E9764F802174721900A2B48E /* Recovery.swift */,
			);
			path = BackupModule;
			sourceTree = "<group>";
		};
		E9764F8221747BCA00A2B48E /* Kin+Backup */ = {
			isa = PBXGroup;
			children = (
				E9764F8321747BE800A2B48E /* Kin+BackupRestore.swift */,
			);
			path = "Kin+Backup";
			sourceTree = "<group>";
		};
		E97E5D3120E91E28000E9E30 /* client */ = {
			isa = PBXGroup;
			children = (
				E97E5D3220E91E28000E9E30 /* earn_order_failed.swift */,
				E97E5D3320E91E28000E9E30 /* earn_order_creation_received.swift */,
				E97E5D3420E91E28000E9E30 /* spend_thankyou_page_viewed.swift */,
				E97E5D3520E91E28000E9E30 /* balance_tapped.swift */,
				E97E5D3620E91E28000E9E30 /* redeem_url_tapped.swift */,
				E97E5D3720E91E28000E9E30 /* spend_order_creation_failed.swift */,
				E97E5D3820E91E28000E9E30 /* spend_order_completed.swift */,
				E97E5D3920E91E28000E9E30 /* spend_order_cancelled.swift */,
				E97E5D3A20E91E28000E9E30 /* earn_order_creation_failed.swift */,
				E97E5D3B20E91E28000E9E30 /* not_enough_kin_page_viewed.swift */,
				E97E5D3C20E91E28000E9E30 /* stellar_account_creation_requested.swift */,
				E97E5D3D20E91E28000E9E30 /* spend_offer_tapped.swift */,
				E97E5D3E20E91E28000E9E30 /* spend_redeem_button_tapped.swift */,
				E97E5D3F20E91E28000E9E30 /* earn_order_cancelled.swift */,
				E97E5D4020E91E28000E9E30 /* kin_balance_updated.swift */,
				E97E5D4120E91E28000E9E30 /* welcome_screen_button_tapped.swift */,
				E97E5D4220E91E28000E9E30 /* earn_order_completed.swift */,
				E97E5D4320E91E28000E9E30 /* marketplace_page_viewed.swift */,
				E97E5D4420E91E28000E9E30 /* general_ecosystem_sdk_error.swift */,
				E97E5D4520E91E29000E9E30 /* back_button_on_marketplace_page_tapped.swift */,
				E97E5D4620E91E29000E9E30 /* common.swift */,
				E97E5D4720E91E29000E9E30 /* user.swift */,
				E97E5D4820E91E29000E9E30 /* welcome_screen_page_viewed.swift */,
				E97E5D4920E91E29000E9E30 /* earn_order_payment_confirmed.swift */,
				E97E5D4A20E91E29000E9E30 /* spend_order_creation_requested.swift */,
				E97E5D4B20E91E29000E9E30 /* wallet_creation_succeeded.swift */,
				E97E5D4C20E91E29000E9E30 /* earn_order_completion_submitted.swift */,
				E97E5D4D20E91E29000E9E30 /* confirm_purchase_page_viewed.swift */,
				E97E5D4E20E91E29000E9E30 /* stellar_kin_trustline_setup_succeeded.swift */,
				E97E5D4F20E91E29000E9E30 /* client.swift */,
				E97E5D5020E91E29000E9E30 /* order_history_item_tapped.swift */,
				E97E5D5120E91E29000E9E30 /* order_history_page_viewed.swift */,
				E97E5D5220E91E29000E9E30 /* stellar_kin_trustline_setup_failed.swift */,
				E97E5D5320E91E29000E9E30 /* confirm_purchase_button_tapped.swift */,
				E97E5D5420E91E29000E9E30 /* spend_transaction_broadcast_to_blockchain_failed.swift */,
				E97E5D5520E91E29000E9E30 /* spend_order_creation_received.swift */,
				E97E5D5620E91E29000E9E30 /* kin_sdk_initiated.swift */,
				E97E5D5720E91E29000E9E30 /* spend_redeem_page_viewed.swift */,
				E97E5D5820E91E29000E9E30 /* spend_order_failed.swift */,
				E97E5D5920E91E29000E9E30 /* back_button_on_welcome_screen_page_tapped.swift */,
				E97E5D5A20E91E29000E9E30 /* spend_order_completion_submitted.swift */,
				E97E5D5B20E91E29000E9E30 /* earn_offer_tapped.swift */,
				E97E5D5C20E91E29000E9E30 /* types.swift */,
				E97E5D5D20E91E29000E9E30 /* spend_transaction_broadcast_to_blockchain_succeeded.swift */,
				E97E5D5E20E91E29000E9E30 /* entrypoint_button_tapped.swift */,
				E97E5D5F20E91E29000E9E30 /* earn_page_loaded.swift */,
				E97E5D6020E91E29000E9E30 /* spend_transaction_broadcast_to_blockchain_submitted.swift */,
				E97E5D6120E91E29000E9E30 /* earn_order_creation_requested.swift */,
			);
			path = client;
			sourceTree = "<group>";
		};
		E98D17892051395100FEB57A /* nibs */ = {
			isa = PBXGroup;
			children = (
				E93146262164F160008F2D74 /* MarketplaceViewController.xib */,
				E942F90E2034268300DD4B8E /* EarnOfferCell.xib */,
				E904415A2035C83000E3E261 /* SpendOfferCell.xib */,
				E96A582F204458AF00285C7B /* OrdersViewController.xib */,
				E913AD96204692190071D329 /* KinNavigationViewController.xib */,
				E98D175B20481D8900FEB57A /* OrderCell.xib */,
				E98D177A204BF92700FEB57A /* BalanceViewController.xib */,
				E98D17862050205C00FEB57A /* WelcomeViewController.xib */,
				E92F7B7B20691403008A027F /* SpendOfferViewController.xib */,
				E9753C11206BD4AB0023CF94 /* CouponViewController.xib */,
				E9037502207DFC8E00704DBB /* InsufficientFundsViewController.xib */,
			);
			path = nibs;
			sourceTree = "<group>";
		};
		E98D178A2051395A00FEB57A /* notNibs */ = {
			isa = PBXGroup;
			children = (
				91A4EA8720CFB22E00C3399F /* KinViewController.swift */,
				E942F8FE20331AAE00DD4B8E /* MarketplaceViewController.swift */,
				E942F90A2034138100DD4B8E /* EarnOfferCell.swift */,
				E942F90C2034213400DD4B8E /* OffersCollectionViewFlowLayout.swift */,
				E90441592035C83000E3E261 /* SpendOfferCell.swift */,
				E91E6407203ABF2800BB4104 /* KinBaseNavigationController.swift */,
				E96A582E204458AF00285C7B /* OrdersViewController.swift */,
				E913AD95204692190071D329 /* KinNavigationViewController.swift */,
				E98D175A20481D8900FEB57A /* OrderCell.swift */,
				E98D1779204BF92700FEB57A /* BalanceViewController.swift */,
				E98D1781204D7D1800FEB57A /* OrderCellTimelineView.swift */,
				E98D17852050205C00FEB57A /* WelcomeViewController.swift */,
				E954A60820568B9600F01C8A /* DiamondsLoaderView.swift */,
				E954A60D2056B86A00F01C8A /* SplashTransition.swift */,
				E954A642205A7FC600F01C8A /* EarnOfferViewController.swift */,
				E92F7B7A20691403008A027F /* SpendOfferViewController.swift */,
				E92F7B80206923A0008A027F /* SheetTransition.swift */,
				E92F7B872069992A008A027F /* Animations.swift */,
				E9753C10206BD4AB0023CF94 /* CouponViewController.swift */,
				E9037501207DFC8E00704DBB /* InsufficientFundsViewController.swift */,
			);
			path = notNibs;
			sourceTree = "<group>";
		};
		E98E4897201A02C700CB8CC2 /* extensions */ = {
			isa = PBXGroup;
			children = (
				E9DC2026216B97E900746B81 /* String+localized.swift */,
				E91E6405203AB30A00BB4104 /* UIColor+KinStyle.swift */,
				E98E48A2201A110C00CB8CC2 /* Bundle+extensions.swift */,
				E9DFCC3A2027114300F115FA /* CodingUserInfoKey+Decode.swift */,
				E91E6403203AB16400BB4104 /* UINavigationBar+gradient.swift */,
				E9FC599A203B24C100D1DA2B /* Decimal+Currency.swift */,
				E98D177F204D2B3D00FEB57A /* NSAttributedString+extensions.swift */,
				E98D1783204FD09200FEB57A /* UIView+extensions.swift */,
				E98D178D20518B3600FEB57A /* UIImage+extensions.swift */,
				E954A60F205711CE00F01C8A /* CGPoint+functions.swift */,
				E9DC2020216B807500746B81 /* Xib+localization.swift */,
			);
			path = extensions;
			sourceTree = "<group>";
		};
		E98E48B4201A128900CB8CC2 /* Model */ = {
			isa = PBXGroup;
			children = (
				E98E48B5201A12AC00CB8CC2 /* KinEcosystem.xcdatamodeld */,
				E9DFCC3C2027117700F115FA /* Offer.swift */,
				E9EBA02420287F0500B21DFD /* EcosystemData.swift */,
				E912B4E1203C5792005ADBA1 /* OrderResult.swift */,
				E912B4E6203C5AE0005ADBA1 /* Order.swift */,
				E912B4EA203C6683005ADBA1 /* BlockchainData.swift */,
				E954A62C2058163C00F01C8A /* OrderError.swift */,
				E954A62E205817AD00F01C8A /* CouponCode.swift */,
				E9DB9E2A20A2EFFE00AD9EB1 /* JWTConfirmation.swift */,
			);
			path = Model;
			sourceTree = "<group>";
		};
		E9DFCC39202710F000F115FA /* API */ = {
			isa = PBXGroup;
			children = (
				E9EBA02620288C1800B21DFD /* EcosystemNet.swift */,
				E912B4EC203D69FE005ADBA1 /* NetworkTypes.swift */,
				E9657F3A203F5F0700D993F9 /* RestClient.swift */,
			);
			path = API;
			sourceTree = "<group>";
		};
/* End PBXGroup section */

/* Begin PBXHeadersBuildPhase section */
		E96F24D6201729690017EF68 /* Headers */ = {
			isa = PBXHeadersBuildPhase;
			buildActionMask = 2147483647;
			files = (
				E96F24EA201729690017EF68 /* KinEcosystem.h in Headers */,
			);
			runOnlyForDeploymentPostprocessing = 0;
		};
/* End PBXHeadersBuildPhase section */

/* Begin PBXNativeTarget section */
		E942F8D72031120D00DD4B8E /* KinEcosystemTestsHost */ = {
			isa = PBXNativeTarget;
			buildConfigurationList = E942F8E72031120D00DD4B8E /* Build configuration list for PBXNativeTarget "KinEcosystemTestsHost" */;
			buildPhases = (
				E942F8D42031120D00DD4B8E /* Sources */,
				E942F8D52031120D00DD4B8E /* Frameworks */,
				E942F8D62031120D00DD4B8E /* Resources */,
			);
			buildRules = (
			);
			dependencies = (
				6850135A2177062E00749045 /* PBXTargetDependency */,
			);
			name = KinEcosystemTestsHost;
			productName = KinEcosystemTestsHost;
			productReference = E942F8D82031120D00DD4B8E /* KinEcosystemTestsHost.app */;
			productType = "com.apple.product-type.application";
		};
		E96F24D8201729690017EF68 /* KinEcosystem */ = {
			isa = PBXNativeTarget;
			buildConfigurationList = E96F24ED201729690017EF68 /* Build configuration list for PBXNativeTarget "KinEcosystem" */;
			buildPhases = (
				E96F24D4201729690017EF68 /* Sources */,
				E96F24D5201729690017EF68 /* Frameworks */,
				E96F24D6201729690017EF68 /* Headers */,
				E96F24D7201729690017EF68 /* Resources */,
			);
			buildRules = (
			);
			dependencies = (
				E942F8CE203081B400DD4B8E /* PBXTargetDependency */,
			);
			name = KinEcosystem;
			productName = KinEcosystem;
			productReference = E96F24D9201729690017EF68 /* KinEcosystem.framework */;
			productType = "com.apple.product-type.framework";
		};
		E96F24E1201729690017EF68 /* KinEcosystemTests */ = {
			isa = PBXNativeTarget;
			buildConfigurationList = E96F24F0201729690017EF68 /* Build configuration list for PBXNativeTarget "KinEcosystemTests" */;
			buildPhases = (
				E96F24DE201729690017EF68 /* Sources */,
				E96F24DF201729690017EF68 /* Frameworks */,
				E96F24E0201729690017EF68 /* Resources */,
			);
			buildRules = (
			);
			dependencies = (
				E96F24E5201729690017EF68 /* PBXTargetDependency */,
				E942F8EB2031121B00DD4B8E /* PBXTargetDependency */,
			);
			name = KinEcosystemTests;
			productName = KinEcosystemTests;
			productReference = E96F24E2201729690017EF68 /* KinEcosystemTests.xctest */;
			productType = "com.apple.product-type.bundle.unit-test";
		};
/* End PBXNativeTarget section */

/* Begin PBXProject section */
		E96F24D0201729690017EF68 /* Project object */ = {
			isa = PBXProject;
			attributes = {
				LastSwiftUpdateCheck = 0910;
				LastUpgradeCheck = 0910;
				ORGANIZATIONNAME = "Kik Interactive";
				TargetAttributes = {
					E942F8D72031120D00DD4B8E = {
						CreatedOnToolsVersion = 9.1;
						ProvisioningStyle = Automatic;
					};
					E96F24D8201729690017EF68 = {
						CreatedOnToolsVersion = 9.1;
						LastSwiftMigration = 0910;
						ProvisioningStyle = Automatic;
					};
					E96F24E1201729690017EF68 = {
						CreatedOnToolsVersion = 9.1;
						ProvisioningStyle = Automatic;
						TestTargetID = E942F8D72031120D00DD4B8E;
					};
				};
			};
			buildConfigurationList = E96F24D3201729690017EF68 /* Build configuration list for PBXProject "KinEcosystem" */;
			compatibilityVersion = "Xcode 8.0";
			developmentRegion = en;
			hasScannedForEncodings = 0;
			knownRegions = (
				en,
				Base,
				"pt-BR",
			);
			mainGroup = E96F24CF201729690017EF68;
			productRefGroup = E96F24DA201729690017EF68 /* Products */;
			projectDirPath = "";
			projectReferences = (
				{
					ProductGroup = E942F8B62030819C00DD4B8E /* Products */;
					ProjectRef = E942F8B52030819C00DD4B8E /* CoreDataStack.xcodeproj */;
				},
				{
					ProductGroup = E93718ED2113135F003DCA6F /* Products */;
					ProjectRef = E93718EC2113135F003DCA6F /* KinCoreSDK.xcodeproj */;
				},
			);
			projectRoot = "";
			targets = (
				E96F24D8201729690017EF68 /* KinEcosystem */,
				E96F24E1201729690017EF68 /* KinEcosystemTests */,
				E942F8D72031120D00DD4B8E /* KinEcosystemTestsHost */,
			);
		};
/* End PBXProject section */

/* Begin PBXReferenceProxy section */
		E93718F62113135F003DCA6F /* KinCoreSDK.framework */ = {
			isa = PBXReferenceProxy;
			fileType = wrapper.framework;
			path = KinCoreSDK.framework;
			remoteRef = E93718F52113135F003DCA6F /* PBXContainerItemProxy */;
			sourceTree = BUILT_PRODUCTS_DIR;
		};
		E93718F82113135F003DCA6F /* KinTestHost.app */ = {
			isa = PBXReferenceProxy;
			fileType = wrapper.application;
			path = KinTestHost.app;
			remoteRef = E93718F72113135F003DCA6F /* PBXContainerItemProxy */;
			sourceTree = BUILT_PRODUCTS_DIR;
		};
		E93718FA2113135F003DCA6F /* KinSDKTests.xctest */ = {
			isa = PBXReferenceProxy;
			fileType = wrapper.cfbundle;
			name = KinSDKTests.xctest;
			path = KinCoreSDKTests.xctest;
			remoteRef = E93718F92113135F003DCA6F /* PBXContainerItemProxy */;
			sourceTree = BUILT_PRODUCTS_DIR;
		};
		E93718FC2113135F003DCA6F /* KinCoreSDK.framework */ = {
			isa = PBXReferenceProxy;
			fileType = wrapper.framework;
			path = KinCoreSDK.framework;
			remoteRef = E93718FB2113135F003DCA6F /* PBXContainerItemProxy */;
			sourceTree = BUILT_PRODUCTS_DIR;
		};
		E942F8BB2030819C00DD4B8E /* CoreDataStack.framework */ = {
			isa = PBXReferenceProxy;
			fileType = wrapper.framework;
			path = CoreDataStack.framework;
			remoteRef = E942F8BA2030819C00DD4B8E /* PBXContainerItemProxy */;
			sourceTree = BUILT_PRODUCTS_DIR;
		};
		E942F8BD2030819C00DD4B8E /* CoreDataStackTests.xctest */ = {
			isa = PBXReferenceProxy;
			fileType = wrapper.cfbundle;
			path = CoreDataStackTests.xctest;
			remoteRef = E942F8BC2030819C00DD4B8E /* PBXContainerItemProxy */;
			sourceTree = BUILT_PRODUCTS_DIR;
		};
/* End PBXReferenceProxy section */

/* Begin PBXResourcesBuildPhase section */
		E942F8D62031120D00DD4B8E /* Resources */ = {
			isa = PBXResourcesBuildPhase;
			buildActionMask = 2147483647;
			files = (
				E942F8E52031120D00DD4B8E /* LaunchScreen.storyboard in Resources */,
				E942F8E02031120D00DD4B8E /* Main.storyboard in Resources */,
			);
			runOnlyForDeploymentPostprocessing = 0;
		};
		E96F24D7201729690017EF68 /* Resources */ = {
			isa = PBXResourcesBuildPhase;
			buildActionMask = 2147483647;
			files = (
				E98D175D20481D8900FEB57A /* OrderCell.xib in Resources */,
				E913AD98204692190071D329 /* KinNavigationViewController.xib in Resources */,
				E98D17882050205C00FEB57A /* WelcomeViewController.xib in Resources */,
				E942F90F2034268300DD4B8E /* EarnOfferCell.xib in Resources */,
				E93146242164F160008F2D74 /* MarketplaceViewController.xib in Resources */,
				E9FC5999203B19A800D1DA2B /* Assets.xcassets in Resources */,
				E9037504207DFC8E00704DBB /* InsufficientFundsViewController.xib in Resources */,
				E904415C2035C83000E3E261 /* SpendOfferCell.xib in Resources */,
				6850135F217747B000749045 /* BackupExplanationViewController.xib in Resources */,
				E96A5831204458AF00285C7B /* OrdersViewController.xib in Resources */,
				E93146332164F52B008F2D74 /* Localizable.strings in Resources */,
				E92F7B7D20691403008A027F /* SpendOfferViewController.xib in Resources */,
				E98D177C204BF92700FEB57A /* BalanceViewController.xib in Resources */,
				E9753C13206BD4AB0023CF94 /* CouponViewController.xib in Resources */,
			);
			runOnlyForDeploymentPostprocessing = 0;
		};
		E96F24E0201729690017EF68 /* Resources */ = {
			isa = PBXResourcesBuildPhase;
			buildActionMask = 2147483647;
			files = (
			);
			runOnlyForDeploymentPostprocessing = 0;
		};
/* End PBXResourcesBuildPhase section */

/* Begin PBXSourcesBuildPhase section */
		E942F8D42031120D00DD4B8E /* Sources */ = {
			isa = PBXSourcesBuildPhase;
			buildActionMask = 2147483647;
			files = (
				E942F8DD2031120D00DD4B8E /* ViewController.swift in Sources */,
				E942F8DB2031120D00DD4B8E /* AppDelegate.swift in Sources */,
			);
			runOnlyForDeploymentPostprocessing = 0;
		};
		E96F24D4201729690017EF68 /* Sources */ = {
			isa = PBXSourcesBuildPhase;
			buildActionMask = 2147483647;
			files = (
				E9DC2021216B807500746B81 /* Xib+localization.swift in Sources */,
				E91E6406203AB30A00BB4104 /* UIColor+KinStyle.swift in Sources */,
				E97E5D6920E91E29000E9E30 /* spend_order_cancelled.swift in Sources */,
				E98D178E20518B3600FEB57A /* UIImage+extensions.swift in Sources */,
				68FDE8BF21775AC000F8E52E /* BackupCompletedViewController.swift in Sources */,
				E98D1782204D7D1800FEB57A /* OrderCellTimelineView.swift in Sources */,
				E97E5D8A20E91E29000E9E30 /* spend_order_completion_submitted.swift in Sources */,
				E92F7B81206923A0008A027F /* SheetTransition.swift in Sources */,
				E97E5D8920E91E29000E9E30 /* back_button_on_welcome_screen_page_tapped.swift in Sources */,
				E942F90B2034138100DD4B8E /* EarnOfferCell.swift in Sources */,
				E9764F8421747BE800A2B48E /* Kin+BackupRestore.swift in Sources */,
				E9DFCC3D2027117700F115FA /* Offer.swift in Sources */,
				E98D177E204BF94200FEB57A /* Core.swift in Sources */,
				E96A5830204458AF00285C7B /* OrdersViewController.swift in Sources */,
				E9753C12206BD4AB0023CF94 /* CouponViewController.swift in Sources */,
				E98D17872050205C00FEB57A /* WelcomeViewController.swift in Sources */,
				E97E5D7C20E91E29000E9E30 /* earn_order_completion_submitted.swift in Sources */,
				E97E5D8120E91E29000E9E30 /* order_history_page_viewed.swift in Sources */,
				E97E5D6220E91E29000E9E30 /* earn_order_failed.swift in Sources */,
				E92F7B7F206921BC008A027F /* SpendViewModel.swift in Sources */,
				E98D1784204FD09200FEB57A /* UIView+extensions.swift in Sources */,
				E954A62D2058163C00F01C8A /* OrderError.swift in Sources */,
				E942F8A7202C5C5900DD4B8E /* ImageCache.swift in Sources */,
				E91E6404203AB16400BB4104 /* UINavigationBar+gradient.swift in Sources */,
				91A4EA8520CFB22300C3399F /* KinPreferenceKey.swift in Sources */,
				E97E5D7020E91E29000E9E30 /* kin_balance_updated.swift in Sources */,
				E97E5D7B20E91E29000E9E30 /* wallet_creation_succeeded.swift in Sources */,
				6850135821761ACB00749045 /* BackupIntroViewController.swift in Sources */,
				E942F8A5202C4C6F00DD4B8E /* OfferVIewModel.swift in Sources */,
				E97E5D7620E91E29000E9E30 /* common.swift in Sources */,
				E912B4ED203D69FE005ADBA1 /* NetworkTypes.swift in Sources */,
				E97E5D8C20E91E29000E9E30 /* types.swift in Sources */,
				E954A60E2056B86A00F01C8A /* SplashTransition.swift in Sources */,
				E9037503207DFC8E00704DBB /* InsufficientFundsViewController.swift in Sources */,
				E9764F812174721900A2B48E /* Recovery.swift in Sources */,
				E912B4EB203C6683005ADBA1 /* BlockchainData.swift in Sources */,
				E97E5D8020E91E29000E9E30 /* order_history_item_tapped.swift in Sources */,
				E97E5D8820E91E29000E9E30 /* spend_order_failed.swift in Sources */,
				E954106920E3B3A10038FF49 /* EventsStore.swift in Sources */,
				E97E5D8420E91E29000E9E30 /* spend_transaction_broadcast_to_blockchain_failed.swift in Sources */,
				E98E48A3201A110C00CB8CC2 /* Bundle+extensions.swift in Sources */,
				E97E5D8220E91E29000E9E30 /* stellar_kin_trustline_setup_failed.swift in Sources */,
				E97E5D6320E91E29000E9E30 /* earn_order_creation_received.swift in Sources */,
				E92F7B882069992A008A027F /* Animations.swift in Sources */,
				E97E5D6C20E91E29000E9E30 /* stellar_account_creation_requested.swift in Sources */,
				6850135D21770EE700749045 /* BackupExplanationViewController.swift in Sources */,
				685013612177488A00749045 /* RoundButton.swift in Sources */,
				E97E5D6A20E91E29000E9E30 /* earn_order_creation_failed.swift in Sources */,
				E912B4E2203C5792005ADBA1 /* OrderResult.swift in Sources */,
				E97E5D9120E91E29000E9E30 /* earn_order_creation_requested.swift in Sources */,
				E97E5D8E20E91E29000E9E30 /* entrypoint_button_tapped.swift in Sources */,
				E97E5D8F20E91E29000E9E30 /* earn_page_loaded.swift in Sources */,
				E97E5D7720E91E29000E9E30 /* user.swift in Sources */,
				E954A610205711CE00F01C8A /* CGPoint+functions.swift in Sources */,
				E97E5D6D20E91E29000E9E30 /* spend_offer_tapped.swift in Sources */,
				E954A644205A7FC600F01C8A /* EarnOfferViewController.swift in Sources */,
				E913AD97204692190071D329 /* KinNavigationViewController.swift in Sources */,
				E91E6408203ABF2800BB4104 /* KinBaseNavigationController.swift in Sources */,
				E9753C19206BD95A0023CF94 /* CouponViewModel.swift in Sources */,
				E9540F5020E01BAF0038FF49 /* Environment.swift in Sources */,
				E954100A20E3B3230038FF49 /* BIClient.swift in Sources */,
				E9DFCC3B2027114300F115FA /* CodingUserInfoKey+Decode.swift in Sources */,
				E9657F3B203F5F0700D993F9 /* RestClient.swift in Sources */,
				E97E5D7E20E91E29000E9E30 /* stellar_kin_trustline_setup_succeeded.swift in Sources */,
				E942F8D32030DD7D00DD4B8E /* Blockchain.swift in Sources */,
				E942F90020331AAE00DD4B8E /* MarketplaceViewController.swift in Sources */,
				E97E5D6520E91E29000E9E30 /* balance_tapped.swift in Sources */,
				E97E5D6720E91E29000E9E30 /* spend_order_creation_failed.swift in Sources */,
				E97E5D6420E91E29000E9E30 /* spend_thankyou_page_viewed.swift in Sources */,
				E954A62F205817AD00F01C8A /* CouponCode.swift in Sources */,
				E97E5D2420E8EF93000E9E30 /* DeviceData.swift in Sources */,
				E912B4E9203C5E17005ADBA1 /* Iso8601DateFormatter.swift in Sources */,
				E97E5D7F20E91E29000E9E30 /* client.swift in Sources */,
				E942F8F32031B54800DD4B8E /* Logger.swift in Sources */,
				E98D1780204D2B3D00FEB57A /* NSAttributedString+extensions.swift in Sources */,
				E97E5D7820E91E29000E9E30 /* welcome_screen_page_viewed.swift in Sources */,
				91A4EA8820CFB22E00C3399F /* KinViewController.swift in Sources */,
				E97E5D7120E91E29000E9E30 /* welcome_screen_button_tapped.swift in Sources */,
				E97E5D7D20E91E29000E9E30 /* confirm_purchase_page_viewed.swift in Sources */,
				E9EBA02720288C1800B21DFD /* EcosystemNet.swift in Sources */,
				E97E5D6B20E91E29000E9E30 /* not_enough_kin_page_viewed.swift in Sources */,
				E97E5D8B20E91E29000E9E30 /* earn_offer_tapped.swift in Sources */,
				E904415B2035C83000E3E261 /* SpendOfferCell.swift in Sources */,
				E97E5D7920E91E29000E9E30 /* earn_order_payment_confirmed.swift in Sources */,
				E98D175C20481D8900FEB57A /* OrderCell.swift in Sources */,
				E96F24F72018A8AC0017EF68 /* Kin.swift in Sources */,
				E97E5D6F20E91E29000E9E30 /* earn_order_cancelled.swift in Sources */,
				E92501BA20614A4400E2E738 /* Flows.swift in Sources */,
				E97E5D7420E91E29000E9E30 /* general_ecosystem_sdk_error.swift in Sources */,
				E912B4E7203C5AE0005ADBA1 /* Order.swift in Sources */,
				E98E48B7201A12AC00CB8CC2 /* KinEcosystem.xcdatamodeld in Sources */,
				E954A60920568B9600F01C8A /* DiamondsLoaderView.swift in Sources */,
				E97E5D7520E91E29000E9E30 /* back_button_on_marketplace_page_tapped.swift in Sources */,
				E9FC599B203B24C100D1DA2B /* Decimal+Currency.swift in Sources */,
				E97E5D7320E91E29000E9E30 /* marketplace_page_viewed.swift in Sources */,
				E97E5D8320E91E29000E9E30 /* confirm_purchase_button_tapped.swift in Sources */,
				E97E5C4F20E4C840000E9E30 /* KBIEvent.swift in Sources */,
				E97E5D6E20E91E29000E9E30 /* spend_redeem_button_tapped.swift in Sources */,
				E97E5D8620E91E29000E9E30 /* kin_sdk_initiated.swift in Sources */,
				E98D177B204BF92700FEB57A /* BalanceViewController.swift in Sources */,
				91A4EA8620CFB22300C3399F /* KinEcosystemError.swift in Sources */,
				E97E5D7A20E91E29000E9E30 /* spend_order_creation_requested.swift in Sources */,
				E97E5D7220E91E29000E9E30 /* earn_order_completed.swift in Sources */,
				E92F7B7C20691403008A027F /* SpendOfferViewController.swift in Sources */,
				E97E5D6820E91E29000E9E30 /* spend_order_completed.swift in Sources */,
				E954106C20E3B5FA0038FF49 /* BIError.swift in Sources */,
				E97E5D9020E91E29000E9E30 /* spend_transaction_broadcast_to_blockchain_submitted.swift in Sources */,
				E97E5D8D20E91E29000E9E30 /* spend_transaction_broadcast_to_blockchain_succeeded.swift in Sources */,
				E942F90D2034213400DD4B8E /* OffersCollectionViewFlowLayout.swift in Sources */,
				E97E5D1820E82D8D000E9E30 /* Reachability.swift in Sources */,
				E97E5D6620E91E29000E9E30 /* redeem_url_tapped.swift in Sources */,
				E9DB9E2B20A2EFFE00AD9EB1 /* JWTConfirmation.swift in Sources */,
				E9DC202C216B97E900746B81 /* String+localized.swift in Sources */,
				E97E5D8720E91E29000E9E30 /* spend_redeem_page_viewed.swift in Sources */,
				E98D1764204840C500FEB57A /* OrderViewModel.swift in Sources */,
				E9540F5E20E01DAC0038FF49 /* Balance.swift in Sources */,
				E9EBA02520287F0500B21DFD /* EcosystemData.swift in Sources */,
				E97E5D8520E91E29000E9E30 /* spend_order_creation_received.swift in Sources */,
			);
			runOnlyForDeploymentPostprocessing = 0;
		};
		E96F24DE201729690017EF68 /* Sources */ = {
			isa = PBXSourcesBuildPhase;
			buildActionMask = 2147483647;
			files = (
				E942F8F52032D7E300DD4B8E /* BaseDataNetworkTest.swift in Sources */,
				E942F8F72032D7F500DD4B8E /* DataTests.swift in Sources */,
				E942F8FD2033157600DD4B8E /* PromiseTests.swift in Sources */,
			);
			runOnlyForDeploymentPostprocessing = 0;
		};
/* End PBXSourcesBuildPhase section */

/* Begin PBXTargetDependency section */
		6850135A2177062E00749045 /* PBXTargetDependency */ = {
			isa = PBXTargetDependency;
			target = E96F24D8201729690017EF68 /* KinEcosystem */;
			targetProxy = 685013592177062E00749045 /* PBXContainerItemProxy */;
		};
		E942F8CE203081B400DD4B8E /* PBXTargetDependency */ = {
			isa = PBXTargetDependency;
			name = CoreDataStack;
			targetProxy = E942F8CD203081B400DD4B8E /* PBXContainerItemProxy */;
		};
		E942F8EB2031121B00DD4B8E /* PBXTargetDependency */ = {
			isa = PBXTargetDependency;
			target = E942F8D72031120D00DD4B8E /* KinEcosystemTestsHost */;
			targetProxy = E942F8EA2031121B00DD4B8E /* PBXContainerItemProxy */;
		};
		E96F24E5201729690017EF68 /* PBXTargetDependency */ = {
			isa = PBXTargetDependency;
			target = E96F24D8201729690017EF68 /* KinEcosystem */;
			targetProxy = E96F24E4201729690017EF68 /* PBXContainerItemProxy */;
		};
/* End PBXTargetDependency section */

/* Begin PBXVariantGroup section */
		E93146262164F160008F2D74 /* MarketplaceViewController.xib */ = {
			isa = PBXVariantGroup;
			children = (
				E9DC201F216B4B3D00746B81 /* en */,
			);
			name = MarketplaceViewController.xib;
			sourceTree = "<group>";
		};
		E93146312164F52B008F2D74 /* Localizable.strings */ = {
			isa = PBXVariantGroup;
			children = (
				E93146322164F52B008F2D74 /* en */,
				E9DC201C216B353E00746B81 /* pt-BR */,
			);
			name = Localizable.strings;
			sourceTree = "<group>";
		};
		E942F8DE2031120D00DD4B8E /* Main.storyboard */ = {
			isa = PBXVariantGroup;
			children = (
				E942F8DF2031120D00DD4B8E /* Base */,
			);
			name = Main.storyboard;
			sourceTree = "<group>";
		};
		E942F8E32031120D00DD4B8E /* LaunchScreen.storyboard */ = {
			isa = PBXVariantGroup;
			children = (
				E942F8E42031120D00DD4B8E /* Base */,
			);
			name = LaunchScreen.storyboard;
			sourceTree = "<group>";
		};
/* End PBXVariantGroup section */

/* Begin XCBuildConfiguration section */
		E942F8E82031120D00DD4B8E /* Debug */ = {
			isa = XCBuildConfiguration;
			buildSettings = {
				ASSETCATALOG_COMPILER_APPICON_NAME = AppIcon;
				CODE_SIGN_STYLE = Automatic;
				DEVELOPMENT_TEAM = Z37J743B3H;
				INFOPLIST_FILE = KinEcosystemTestsHost/Info.plist;
				LD_RUNPATH_SEARCH_PATHS = "$(inherited) @executable_path/Frameworks";
				PRODUCT_BUNDLE_IDENTIFIER = Kik.KinEcosystemTestsHost;
				PRODUCT_NAME = "$(TARGET_NAME)";
				SWIFT_VERSION = 4.0;
				TARGETED_DEVICE_FAMILY = "1,2";
			};
			name = Debug;
		};
		E942F8E92031120D00DD4B8E /* Release */ = {
			isa = XCBuildConfiguration;
			buildSettings = {
				ASSETCATALOG_COMPILER_APPICON_NAME = AppIcon;
				CODE_SIGN_STYLE = Automatic;
				DEVELOPMENT_TEAM = Z37J743B3H;
				INFOPLIST_FILE = KinEcosystemTestsHost/Info.plist;
				LD_RUNPATH_SEARCH_PATHS = "$(inherited) @executable_path/Frameworks";
				PRODUCT_BUNDLE_IDENTIFIER = Kik.KinEcosystemTestsHost;
				PRODUCT_NAME = "$(TARGET_NAME)";
				SWIFT_VERSION = 4.0;
				TARGETED_DEVICE_FAMILY = "1,2";
			};
			name = Release;
		};
		E96F24EB201729690017EF68 /* Debug */ = {
			isa = XCBuildConfiguration;
			buildSettings = {
				ALWAYS_SEARCH_USER_PATHS = NO;
				CLANG_ANALYZER_LOCALIZABILITY_NONLOCALIZED = YES;
				CLANG_ANALYZER_NONNULL = YES;
				CLANG_ANALYZER_NUMBER_OBJECT_CONVERSION = YES_AGGRESSIVE;
				CLANG_CXX_LANGUAGE_STANDARD = "gnu++14";
				CLANG_CXX_LIBRARY = "libc++";
				CLANG_ENABLE_MODULES = YES;
				CLANG_ENABLE_OBJC_ARC = YES;
				CLANG_WARN_BLOCK_CAPTURE_AUTORELEASING = YES;
				CLANG_WARN_BOOL_CONVERSION = YES;
				CLANG_WARN_COMMA = YES;
				CLANG_WARN_CONSTANT_CONVERSION = YES;
				CLANG_WARN_DIRECT_OBJC_ISA_USAGE = YES_ERROR;
				CLANG_WARN_DOCUMENTATION_COMMENTS = YES;
				CLANG_WARN_EMPTY_BODY = YES;
				CLANG_WARN_ENUM_CONVERSION = YES;
				CLANG_WARN_INFINITE_RECURSION = YES;
				CLANG_WARN_INT_CONVERSION = YES;
				CLANG_WARN_NON_LITERAL_NULL_CONVERSION = YES;
				CLANG_WARN_OBJC_LITERAL_CONVERSION = YES;
				CLANG_WARN_OBJC_ROOT_CLASS = YES_ERROR;
				CLANG_WARN_RANGE_LOOP_ANALYSIS = YES;
				CLANG_WARN_STRICT_PROTOTYPES = YES;
				CLANG_WARN_SUSPICIOUS_MOVE = YES;
				CLANG_WARN_UNGUARDED_AVAILABILITY = YES_AGGRESSIVE;
				CLANG_WARN_UNREACHABLE_CODE = YES;
				CLANG_WARN__DUPLICATE_METHOD_MATCH = YES;
				CODE_SIGN_IDENTITY = "iPhone Developer";
				COPY_PHASE_STRIP = NO;
				CURRENT_PROJECT_VERSION = 1;
				DEBUG_INFORMATION_FORMAT = dwarf;
				ENABLE_BITCODE = NO;
				ENABLE_STRICT_OBJC_MSGSEND = YES;
				ENABLE_TESTABILITY = YES;
				GCC_C_LANGUAGE_STANDARD = gnu11;
				GCC_DYNAMIC_NO_PIC = NO;
				GCC_NO_COMMON_BLOCKS = YES;
				GCC_OPTIMIZATION_LEVEL = 0;
				GCC_PREPROCESSOR_DEFINITIONS = (
					"DEBUG=1",
					"$(inherited)",
				);
				GCC_WARN_64_TO_32_BIT_CONVERSION = YES;
				GCC_WARN_ABOUT_RETURN_TYPE = YES_ERROR;
				GCC_WARN_UNDECLARED_SELECTOR = YES;
				GCC_WARN_UNINITIALIZED_AUTOS = YES_AGGRESSIVE;
				GCC_WARN_UNUSED_FUNCTION = YES;
				GCC_WARN_UNUSED_VARIABLE = YES;
				IPHONEOS_DEPLOYMENT_TARGET = 11.1;
				MTL_ENABLE_DEBUG_INFO = YES;
				ONLY_ACTIVE_ARCH = YES;
				SDKROOT = iphoneos;
				SWIFT_ACTIVE_COMPILATION_CONDITIONS = DEBUG;
				SWIFT_OPTIMIZATION_LEVEL = "-Onone";
				VERSIONING_SYSTEM = "apple-generic";
				VERSION_INFO_PREFIX = "";
			};
			name = Debug;
		};
		E96F24EC201729690017EF68 /* Release */ = {
			isa = XCBuildConfiguration;
			buildSettings = {
				ALWAYS_SEARCH_USER_PATHS = NO;
				CLANG_ANALYZER_LOCALIZABILITY_NONLOCALIZED = YES;
				CLANG_ANALYZER_NONNULL = YES;
				CLANG_ANALYZER_NUMBER_OBJECT_CONVERSION = YES_AGGRESSIVE;
				CLANG_CXX_LANGUAGE_STANDARD = "gnu++14";
				CLANG_CXX_LIBRARY = "libc++";
				CLANG_ENABLE_MODULES = YES;
				CLANG_ENABLE_OBJC_ARC = YES;
				CLANG_WARN_BLOCK_CAPTURE_AUTORELEASING = YES;
				CLANG_WARN_BOOL_CONVERSION = YES;
				CLANG_WARN_COMMA = YES;
				CLANG_WARN_CONSTANT_CONVERSION = YES;
				CLANG_WARN_DIRECT_OBJC_ISA_USAGE = YES_ERROR;
				CLANG_WARN_DOCUMENTATION_COMMENTS = YES;
				CLANG_WARN_EMPTY_BODY = YES;
				CLANG_WARN_ENUM_CONVERSION = YES;
				CLANG_WARN_INFINITE_RECURSION = YES;
				CLANG_WARN_INT_CONVERSION = YES;
				CLANG_WARN_NON_LITERAL_NULL_CONVERSION = YES;
				CLANG_WARN_OBJC_LITERAL_CONVERSION = YES;
				CLANG_WARN_OBJC_ROOT_CLASS = YES_ERROR;
				CLANG_WARN_RANGE_LOOP_ANALYSIS = YES;
				CLANG_WARN_STRICT_PROTOTYPES = YES;
				CLANG_WARN_SUSPICIOUS_MOVE = YES;
				CLANG_WARN_UNGUARDED_AVAILABILITY = YES_AGGRESSIVE;
				CLANG_WARN_UNREACHABLE_CODE = YES;
				CLANG_WARN__DUPLICATE_METHOD_MATCH = YES;
				CODE_SIGN_IDENTITY = "iPhone Developer";
				COPY_PHASE_STRIP = NO;
				CURRENT_PROJECT_VERSION = 1;
				DEBUG_INFORMATION_FORMAT = "dwarf-with-dsym";
				ENABLE_BITCODE = NO;
				ENABLE_NS_ASSERTIONS = NO;
				ENABLE_STRICT_OBJC_MSGSEND = YES;
				GCC_C_LANGUAGE_STANDARD = gnu11;
				GCC_NO_COMMON_BLOCKS = YES;
				GCC_WARN_64_TO_32_BIT_CONVERSION = YES;
				GCC_WARN_ABOUT_RETURN_TYPE = YES_ERROR;
				GCC_WARN_UNDECLARED_SELECTOR = YES;
				GCC_WARN_UNINITIALIZED_AUTOS = YES_AGGRESSIVE;
				GCC_WARN_UNUSED_FUNCTION = YES;
				GCC_WARN_UNUSED_VARIABLE = YES;
				IPHONEOS_DEPLOYMENT_TARGET = 11.1;
				MTL_ENABLE_DEBUG_INFO = NO;
				SDKROOT = iphoneos;
				SWIFT_OPTIMIZATION_LEVEL = "-Owholemodule";
				VALIDATE_PRODUCT = YES;
				VERSIONING_SYSTEM = "apple-generic";
				VERSION_INFO_PREFIX = "";
			};
			name = Release;
		};
		E96F24EE201729690017EF68 /* Debug */ = {
			isa = XCBuildConfiguration;
			buildSettings = {
				CLANG_ENABLE_MODULES = YES;
				CODE_SIGN_IDENTITY = "";
				CODE_SIGN_STYLE = Automatic;
				DEFINES_MODULE = YES;
				DEVELOPMENT_TEAM = Z37J743B3H;
				DYLIB_COMPATIBILITY_VERSION = 1;
				DYLIB_CURRENT_VERSION = 1;
				DYLIB_INSTALL_NAME_BASE = "@rpath";
				INFOPLIST_FILE = KinEcosystem/Info.plist;
				INSTALL_PATH = "$(LOCAL_LIBRARY_DIR)/Frameworks";
				IPHONEOS_DEPLOYMENT_TARGET = 8.1;
				LD_RUNPATH_SEARCH_PATHS = "$(inherited) @executable_path/Frameworks @loader_path/Frameworks";
				PRODUCT_BUNDLE_IDENTIFIER = Kik.KinEcosystem;
				PRODUCT_NAME = "$(TARGET_NAME:c99extidentifier)";
				SKIP_INSTALL = YES;
				SWIFT_OPTIMIZATION_LEVEL = "-Onone";
				SWIFT_VERSION = 4.0;
				TARGETED_DEVICE_FAMILY = "1,2";
			};
			name = Debug;
		};
		E96F24EF201729690017EF68 /* Release */ = {
			isa = XCBuildConfiguration;
			buildSettings = {
				CLANG_ENABLE_MODULES = YES;
				CODE_SIGN_IDENTITY = "";
				CODE_SIGN_STYLE = Automatic;
				DEFINES_MODULE = YES;
				DEVELOPMENT_TEAM = Z37J743B3H;
				DYLIB_COMPATIBILITY_VERSION = 1;
				DYLIB_CURRENT_VERSION = 1;
				DYLIB_INSTALL_NAME_BASE = "@rpath";
				INFOPLIST_FILE = KinEcosystem/Info.plist;
				INSTALL_PATH = "$(LOCAL_LIBRARY_DIR)/Frameworks";
				IPHONEOS_DEPLOYMENT_TARGET = 8.1;
				LD_RUNPATH_SEARCH_PATHS = "$(inherited) @executable_path/Frameworks @loader_path/Frameworks";
				PRODUCT_BUNDLE_IDENTIFIER = Kik.KinEcosystem;
				PRODUCT_NAME = "$(TARGET_NAME:c99extidentifier)";
				SKIP_INSTALL = YES;
				SWIFT_VERSION = 4.0;
				TARGETED_DEVICE_FAMILY = "1,2";
			};
			name = Release;
		};
		E96F24F1201729690017EF68 /* Debug */ = {
			isa = XCBuildConfiguration;
			buildSettings = {
				ALWAYS_EMBED_SWIFT_STANDARD_LIBRARIES = YES;
				CODE_SIGN_STYLE = Automatic;
				DEVELOPMENT_TEAM = Z37J743B3H;
				INFOPLIST_FILE = KinEcosystemTests/Info.plist;
				LD_RUNPATH_SEARCH_PATHS = "$(inherited) @executable_path/Frameworks @loader_path/Frameworks";
				PRODUCT_BUNDLE_IDENTIFIER = Kik.KinEcosystemTests;
				PRODUCT_NAME = "$(TARGET_NAME)";
				SWIFT_VERSION = 4.0;
				TARGETED_DEVICE_FAMILY = "1,2";
				TEST_HOST = "$(BUILT_PRODUCTS_DIR)/KinEcosystemTestsHost.app/KinEcosystemTestsHost";
			};
			name = Debug;
		};
		E96F24F2201729690017EF68 /* Release */ = {
			isa = XCBuildConfiguration;
			buildSettings = {
				ALWAYS_EMBED_SWIFT_STANDARD_LIBRARIES = YES;
				CODE_SIGN_STYLE = Automatic;
				DEVELOPMENT_TEAM = Z37J743B3H;
				INFOPLIST_FILE = KinEcosystemTests/Info.plist;
				LD_RUNPATH_SEARCH_PATHS = "$(inherited) @executable_path/Frameworks @loader_path/Frameworks";
				PRODUCT_BUNDLE_IDENTIFIER = Kik.KinEcosystemTests;
				PRODUCT_NAME = "$(TARGET_NAME)";
				SWIFT_VERSION = 4.0;
				TARGETED_DEVICE_FAMILY = "1,2";
				TEST_HOST = "$(BUILT_PRODUCTS_DIR)/KinEcosystemTestsHost.app/KinEcosystemTestsHost";
			};
			name = Release;
		};
/* End XCBuildConfiguration section */

/* Begin XCConfigurationList section */
		E942F8E72031120D00DD4B8E /* Build configuration list for PBXNativeTarget "KinEcosystemTestsHost" */ = {
			isa = XCConfigurationList;
			buildConfigurations = (
				E942F8E82031120D00DD4B8E /* Debug */,
				E942F8E92031120D00DD4B8E /* Release */,
			);
			defaultConfigurationIsVisible = 0;
			defaultConfigurationName = Release;
		};
		E96F24D3201729690017EF68 /* Build configuration list for PBXProject "KinEcosystem" */ = {
			isa = XCConfigurationList;
			buildConfigurations = (
				E96F24EB201729690017EF68 /* Debug */,
				E96F24EC201729690017EF68 /* Release */,
			);
			defaultConfigurationIsVisible = 0;
			defaultConfigurationName = Release;
		};
		E96F24ED201729690017EF68 /* Build configuration list for PBXNativeTarget "KinEcosystem" */ = {
			isa = XCConfigurationList;
			buildConfigurations = (
				E96F24EE201729690017EF68 /* Debug */,
				E96F24EF201729690017EF68 /* Release */,
			);
			defaultConfigurationIsVisible = 0;
			defaultConfigurationName = Release;
		};
		E96F24F0201729690017EF68 /* Build configuration list for PBXNativeTarget "KinEcosystemTests" */ = {
			isa = XCConfigurationList;
			buildConfigurations = (
				E96F24F1201729690017EF68 /* Debug */,
				E96F24F2201729690017EF68 /* Release */,
			);
			defaultConfigurationIsVisible = 0;
			defaultConfigurationName = Release;
		};
/* End XCConfigurationList section */

/* Begin XCVersionGroup section */
		E98E48B5201A12AC00CB8CC2 /* KinEcosystem.xcdatamodeld */ = {
			isa = XCVersionGroup;
			children = (
				E98E48B6201A12AC00CB8CC2 /* KinEcosystem.xcdatamodel */,
			);
			currentVersion = E98E48B6201A12AC00CB8CC2 /* KinEcosystem.xcdatamodel */;
			path = KinEcosystem.xcdatamodeld;
			sourceTree = "<group>";
			versionGroupType = wrapper.xcdatamodel;
		};
/* End XCVersionGroup section */
	};
	rootObject = E96F24D0201729690017EF68 /* Project object */;
}
